// !$*UTF8*$!
{
	archiveVersion = 1;
	classes = {
	};
	objectVersion = 51;
	objects = {

/* Begin PBXBuildFile section */
		ED07FC6824AAEE1A006D36D1 /* gtest.cc in Sources */ = {isa = PBXBuildFile; fileRef = ED07FA5A24AADFE3006D36D1 /* gtest.cc */; };
		ED07FC6924AAEE1A006D36D1 /* gtest_main.cc in Sources */ = {isa = PBXBuildFile; fileRef = ED07FA5B24AADFE3006D36D1 /* gtest_main.cc */; };
		ED07FC6A24AAEE8E006D36D1 /* gtest-death-test.cc in Sources */ = {isa = PBXBuildFile; fileRef = ED07FA5D24AADFE3006D36D1 /* gtest-death-test.cc */; };
		ED07FC6B24AAEEBB006D36D1 /* gtest-port.cc in Sources */ = {isa = PBXBuildFile; fileRef = ED07FA5E24AADFE3006D36D1 /* gtest-port.cc */; };
		ED07FC6C24AAEEBB006D36D1 /* gtest-printers.cc in Sources */ = {isa = PBXBuildFile; fileRef = ED07FA5F24AADFE3006D36D1 /* gtest-printers.cc */; };
		ED07FC6D24AAEEBB006D36D1 /* gtest-typed-test.cc in Sources */ = {isa = PBXBuildFile; fileRef = ED07FA6024AADFE3006D36D1 /* gtest-typed-test.cc */; };
		ED07FC6E24AAEEBB006D36D1 /* gtest-filepath.cc in Sources */ = {isa = PBXBuildFile; fileRef = ED07FA6224AADFE3006D36D1 /* gtest-filepath.cc */; };
		ED07FC6F24AAEEBB006D36D1 /* gtest-matchers.cc in Sources */ = {isa = PBXBuildFile; fileRef = ED07FA6324AADFE3006D36D1 /* gtest-matchers.cc */; };
		ED07FC7024AAEED4006D36D1 /* gtest-test-part.cc in Sources */ = {isa = PBXBuildFile; fileRef = ED07FA5924AADFE3006D36D1 /* gtest-test-part.cc */; };
		ED07FC7224AAEF0E006D36D1 /* h9_sysex_test.cpp in Sources */ = {isa = PBXBuildFile; fileRef = ED07FC7124AAEF0E006D36D1 /* h9_sysex_test.cpp */; };
		ED07FC7324AAF218006D36D1 /* libh9.c in Sources */ = {isa = PBXBuildFile; fileRef = ED07F98A24A44193006D36D1 /* libh9.c */; };
		ED07FC7424AAF21E006D36D1 /* utils.c in Sources */ = {isa = PBXBuildFile; fileRef = ED07F99E24AA921F006D36D1 /* utils.c */; };
		ED1CF0C224ABE775003684BF /* h9_sysex.c in Sources */ = {isa = PBXBuildFile; fileRef = ED1CF0C024ABE775003684BF /* h9_sysex.c */; };
		ED1CF0C724AD6D9F003684BF /* h9_controls_test.cpp in Sources */ = {isa = PBXBuildFile; fileRef = ED1CF0C624AD6D9F003684BF /* h9_controls_test.cpp */; };
		ED1CF0CA24AD6E54003684BF /* test_helpers.cpp in Sources */ = {isa = PBXBuildFile; fileRef = ED1CF0C824AD6E54003684BF /* test_helpers.cpp */; };
		ED1CF0CC24AD8778003684BF /* h9_preset_test.cpp in Sources */ = {isa = PBXBuildFile; fileRef = ED1CF0CB24AD8778003684BF /* h9_preset_test.cpp */; };
		ED1CF0D724B5277C003684BF /* utils_test.cpp in Sources */ = {isa = PBXBuildFile; fileRef = ED1CF0D624B5277C003684BF /* utils_test.cpp */; };
		ED74746824BFD4BF0051BD8C /* h9_midi_test.cpp in Sources */ = {isa = PBXBuildFile; fileRef = ED74746724BFD4BF0051BD8C /* h9_midi_test.cpp */; };
/* End PBXBuildFile section */

/* Begin PBXCopyFilesBuildPhase section */
		ED07FC5F24AAEDE9006D36D1 /* CopyFiles */ = {
			isa = PBXCopyFilesBuildPhase;
			buildActionMask = 2147483647;
			dstPath = /usr/share/man/man1/;
			dstSubfolderSpec = 0;
			files = (
			);
			runOnlyForDeploymentPostprocessing = 1;
		};
/* End PBXCopyFilesBuildPhase section */

/* Begin PBXFileReference section */
		ED07F98924A44193006D36D1 /* libh9.h */ = {isa = PBXFileReference; lastKnownFileType = sourcecode.c.h; path = libh9.h; sourceTree = "<group>"; };
		ED07F98A24A44193006D36D1 /* libh9.c */ = {isa = PBXFileReference; lastKnownFileType = sourcecode.c.c; path = libh9.c; sourceTree = "<group>"; };
		ED07F99C24A98E73006D36D1 /* h9_modules.h */ = {isa = PBXFileReference; lastKnownFileType = sourcecode.c.h; path = h9_modules.h; sourceTree = "<group>"; };
		ED07F99D24AA921F006D36D1 /* utils.h */ = {isa = PBXFileReference; lastKnownFileType = sourcecode.c.h; path = utils.h; sourceTree = "<group>"; };
		ED07F99E24AA921F006D36D1 /* utils.c */ = {isa = PBXFileReference; lastKnownFileType = sourcecode.c.c; path = utils.c; sourceTree = "<group>"; };
		ED07F9A524AADFE2006D36D1 /* CMakeLists.txt */ = {isa = PBXFileReference; fileEncoding = 4; lastKnownFileType = text; path = CMakeLists.txt; sourceTree = "<group>"; };
		ED07F9A624AADFE2006D36D1 /* LICENSE */ = {isa = PBXFileReference; fileEncoding = 4; lastKnownFileType = text; path = LICENSE; sourceTree = "<group>"; };
		ED07F9A824AADFE2006D36D1 /* env-linux.sh */ = {isa = PBXFileReference; fileEncoding = 4; lastKnownFileType = text.script.sh; path = "env-linux.sh"; sourceTree = "<group>"; };
		ED07F9A924AADFE2006D36D1 /* env-osx.sh */ = {isa = PBXFileReference; fileEncoding = 4; lastKnownFileType = text.script.sh; path = "env-osx.sh"; sourceTree = "<group>"; };
		ED07F9AA24AADFE2006D36D1 /* build-platformio.sh */ = {isa = PBXFileReference; fileEncoding = 4; lastKnownFileType = text.script.sh; path = "build-platformio.sh"; sourceTree = "<group>"; };
		ED07F9AB24AADFE2006D36D1 /* get-nprocessors.sh */ = {isa = PBXFileReference; fileEncoding = 4; lastKnownFileType = text.script.sh; path = "get-nprocessors.sh"; sourceTree = "<group>"; };
		ED07F9AC24AADFE2006D36D1 /* travis.sh */ = {isa = PBXFileReference; fileEncoding = 4; lastKnownFileType = text.script.sh; path = travis.sh; sourceTree = "<group>"; };
		ED07F9AD24AADFE2006D36D1 /* install-osx.sh */ = {isa = PBXFileReference; fileEncoding = 4; lastKnownFileType = text.script.sh; path = "install-osx.sh"; sourceTree = "<group>"; };
		ED07F9AE24AADFE2006D36D1 /* install-platformio.sh */ = {isa = PBXFileReference; fileEncoding = 4; lastKnownFileType = text.script.sh; path = "install-platformio.sh"; sourceTree = "<group>"; };
		ED07F9AF24AADFE2006D36D1 /* install-linux.sh */ = {isa = PBXFileReference; fileEncoding = 4; lastKnownFileType = text.script.sh; path = "install-linux.sh"; sourceTree = "<group>"; };
		ED07F9B024AADFE2006D36D1 /* build-linux-bazel.sh */ = {isa = PBXFileReference; fileEncoding = 4; lastKnownFileType = text.script.sh; path = "build-linux-bazel.sh"; sourceTree = "<group>"; };
		ED07F9B124AADFE2006D36D1 /* log-config.sh */ = {isa = PBXFileReference; fileEncoding = 4; lastKnownFileType = text.script.sh; path = "log-config.sh"; sourceTree = "<group>"; };
		ED07F9B224AADFE2006D36D1 /* WORKSPACE */ = {isa = PBXFileReference; fileEncoding = 4; lastKnownFileType = text; path = WORKSPACE; sourceTree = "<group>"; };
		ED07F9B324AADFE2006D36D1 /* platformio.ini */ = {isa = PBXFileReference; fileEncoding = 4; lastKnownFileType = text; path = platformio.ini; sourceTree = "<group>"; };
		ED07F9B424AADFE2006D36D1 /* README.md */ = {isa = PBXFileReference; fileEncoding = 4; lastKnownFileType = net.daringfireball.markdown; path = README.md; sourceTree = "<group>"; };
		ED07F9B524AADFE2006D36D1 /* appveyor.yml */ = {isa = PBXFileReference; fileEncoding = 4; lastKnownFileType = text.yaml; path = appveyor.yml; sourceTree = "<group>"; };
		ED07F9B624AADFE2006D36D1 /* library.json */ = {isa = PBXFileReference; fileEncoding = 4; lastKnownFileType = text.json; path = library.json; sourceTree = "<group>"; };
		ED07F9B724AADFE2006D36D1 /* .gitignore */ = {isa = PBXFileReference; fileEncoding = 4; lastKnownFileType = text; path = .gitignore; sourceTree = "<group>"; };
		ED07F9B824AADFE2006D36D1 /* CONTRIBUTING.md */ = {isa = PBXFileReference; fileEncoding = 4; lastKnownFileType = net.daringfireball.markdown; path = CONTRIBUTING.md; sourceTree = "<group>"; };
		ED07F9B924AADFE2006D36D1 /* .clang-format */ = {isa = PBXFileReference; fileEncoding = 4; lastKnownFileType = text; path = ".clang-format"; sourceTree = "<group>"; };
		ED07F9BB24AADFE2006D36D1 /* CMakeLists.txt */ = {isa = PBXFileReference; fileEncoding = 4; lastKnownFileType = text; path = CMakeLists.txt; sourceTree = "<group>"; };
		ED07F9BC24AADFE2006D36D1 /* LICENSE */ = {isa = PBXFileReference; fileEncoding = 4; lastKnownFileType = text; path = LICENSE; sourceTree = "<group>"; };
		ED07F9BE24AADFE2006D36D1 /* googletest-message-test.cc */ = {isa = PBXFileReference; fileEncoding = 4; lastKnownFileType = sourcecode.cpp.cpp; path = "googletest-message-test.cc"; sourceTree = "<group>"; };
		ED07F9BF24AADFE2006D36D1 /* googletest-output-test_.cc */ = {isa = PBXFileReference; fileEncoding = 4; lastKnownFileType = sourcecode.cpp.cpp; path = "googletest-output-test_.cc"; sourceTree = "<group>"; };
		ED07F9C024AADFE2006D36D1 /* gtest_pred_impl_unittest.cc */ = {isa = PBXFileReference; fileEncoding = 4; lastKnownFileType = sourcecode.cpp.cpp; path = gtest_pred_impl_unittest.cc; sourceTree = "<group>"; };
		ED07F9C124AADFE2006D36D1 /* gtest_skip_in_environment_setup_test.cc */ = {isa = PBXFileReference; fileEncoding = 4; lastKnownFileType = sourcecode.cpp.cpp; path = gtest_skip_in_environment_setup_test.cc; sourceTree = "<group>"; };
		ED07F9C224AADFE2006D36D1 /* gtest_xml_output_unittest.py */ = {isa = PBXFileReference; fileEncoding = 4; lastKnownFileType = text.script.python; path = gtest_xml_output_unittest.py; sourceTree = "<group>"; };
		ED07F9C324AADFE2006D36D1 /* googletest-param-test-test.h */ = {isa = PBXFileReference; fileEncoding = 4; lastKnownFileType = sourcecode.c.h; path = "googletest-param-test-test.h"; sourceTree = "<group>"; };
		ED07F9C424AADFE2006D36D1 /* googletest-test-part-test.cc */ = {isa = PBXFileReference; fileEncoding = 4; lastKnownFileType = sourcecode.cpp.cpp; path = "googletest-test-part-test.cc"; sourceTree = "<group>"; };
		ED07F9C524AADFE2006D36D1 /* gtest_assert_by_exception_test.cc */ = {isa = PBXFileReference; fileEncoding = 4; lastKnownFileType = sourcecode.cpp.cpp; path = gtest_assert_by_exception_test.cc; sourceTree = "<group>"; };
		ED07F9C624AADFE2006D36D1 /* gtest_testbridge_test_.cc */ = {isa = PBXFileReference; fileEncoding = 4; lastKnownFileType = sourcecode.cpp.cpp; path = gtest_testbridge_test_.cc; sourceTree = "<group>"; };
		ED07F9C724AADFE2006D36D1 /* gtest_main_unittest.cc */ = {isa = PBXFileReference; fileEncoding = 4; lastKnownFileType = sourcecode.cpp.cpp; path = gtest_main_unittest.cc; sourceTree = "<group>"; };
		ED07F9C824AADFE2006D36D1 /* googletest-listener-test.cc */ = {isa = PBXFileReference; fileEncoding = 4; lastKnownFileType = sourcecode.cpp.cpp; path = "googletest-listener-test.cc"; sourceTree = "<group>"; };
		ED07F9C924AADFE2006D36D1 /* gtest_environment_test.cc */ = {isa = PBXFileReference; fileEncoding = 4; lastKnownFileType = sourcecode.cpp.cpp; path = gtest_environment_test.cc; sourceTree = "<group>"; };
		ED07F9CA24AADFE2006D36D1 /* gtest_xml_output_unittest_.cc */ = {isa = PBXFileReference; fileEncoding = 4; lastKnownFileType = sourcecode.cpp.cpp; path = gtest_xml_output_unittest_.cc; sourceTree = "<group>"; };
		ED07F9CB24AADFE2006D36D1 /* googletest-output-test.py */ = {isa = PBXFileReference; fileEncoding = 4; lastKnownFileType = text.script.python; path = "googletest-output-test.py"; sourceTree = "<group>"; };
		ED07F9CC24AADFE2006D36D1 /* googletest-throw-on-failure-test_.cc */ = {isa = PBXFileReference; fileEncoding = 4; lastKnownFileType = sourcecode.cpp.cpp; path = "googletest-throw-on-failure-test_.cc"; sourceTree = "<group>"; };
		ED07F9CD24AADFE2006D36D1 /* googletest-filter-unittest_.cc */ = {isa = PBXFileReference; fileEncoding = 4; lastKnownFileType = sourcecode.cpp.cpp; path = "googletest-filter-unittest_.cc"; sourceTree = "<group>"; };
		ED07F9CE24AADFE2006D36D1 /* googletest-death-test-test.cc */ = {isa = PBXFileReference; fileEncoding = 4; lastKnownFileType = sourcecode.cpp.cpp; path = "googletest-death-test-test.cc"; sourceTree = "<group>"; };
		ED07F9CF24AADFE2006D36D1 /* googletest-failfast-unittest_.cc */ = {isa = PBXFileReference; fileEncoding = 4; lastKnownFileType = sourcecode.cpp.cpp; path = "googletest-failfast-unittest_.cc"; sourceTree = "<group>"; };
		ED07F9D024AADFE2006D36D1 /* gtest_stress_test.cc */ = {isa = PBXFileReference; fileEncoding = 4; lastKnownFileType = sourcecode.cpp.cpp; path = gtest_stress_test.cc; sourceTree = "<group>"; };
		ED07F9D124AADFE2006D36D1 /* googletest-uninitialized-test_.cc */ = {isa = PBXFileReference; fileEncoding = 4; lastKnownFileType = sourcecode.cpp.cpp; path = "googletest-uninitialized-test_.cc"; sourceTree = "<group>"; };
		ED07F9D224AADFE2006D36D1 /* production.cc */ = {isa = PBXFileReference; fileEncoding = 4; lastKnownFileType = sourcecode.cpp.cpp; path = production.cc; sourceTree = "<group>"; };
		ED07F9D324AADFE2006D36D1 /* googletest-param-test-invalid-name1-test.py */ = {isa = PBXFileReference; fileEncoding = 4; lastKnownFileType = text.script.python; path = "googletest-param-test-invalid-name1-test.py"; sourceTree = "<group>"; };
		ED07F9D424AADFE2006D36D1 /* gtest_xml_outfile1_test_.cc */ = {isa = PBXFileReference; fileEncoding = 4; lastKnownFileType = sourcecode.cpp.cpp; path = gtest_xml_outfile1_test_.cc; sourceTree = "<group>"; };
		ED07F9D524AADFE2006D36D1 /* gtest_help_test.py */ = {isa = PBXFileReference; fileEncoding = 4; lastKnownFileType = text.script.python; path = gtest_help_test.py; sourceTree = "<group>"; };
		ED07F9D624AADFE2006D36D1 /* gtest_prod_test.cc */ = {isa = PBXFileReference; fileEncoding = 4; lastKnownFileType = sourcecode.cpp.cpp; path = gtest_prod_test.cc; sourceTree = "<group>"; };
		ED07F9D724AADFE2006D36D1 /* googletest-env-var-test_.cc */ = {isa = PBXFileReference; fileEncoding = 4; lastKnownFileType = sourcecode.cpp.cpp; path = "googletest-env-var-test_.cc"; sourceTree = "<group>"; };
		ED07F9D824AADFE2006D36D1 /* gtest-unittest-api_test.cc */ = {isa = PBXFileReference; fileEncoding = 4; lastKnownFileType = sourcecode.cpp.cpp; path = "gtest-unittest-api_test.cc"; sourceTree = "<group>"; };
		ED07F9D924AADFE2006D36D1 /* gtest_test_utils.py */ = {isa = PBXFileReference; fileEncoding = 4; lastKnownFileType = text.script.python; path = gtest_test_utils.py; sourceTree = "<group>"; };
		ED07F9DA24AADFE2006D36D1 /* gtest_repeat_test.cc */ = {isa = PBXFileReference; fileEncoding = 4; lastKnownFileType = sourcecode.cpp.cpp; path = gtest_repeat_test.cc; sourceTree = "<group>"; };
		ED07F9DB24AADFE2006D36D1 /* googletest-setuptestsuite-test_.cc */ = {isa = PBXFileReference; fileEncoding = 4; lastKnownFileType = sourcecode.cpp.cpp; path = "googletest-setuptestsuite-test_.cc"; sourceTree = "<group>"; };
		ED07F9DC24AADFE2006D36D1 /* gtest_json_test_utils.py */ = {isa = PBXFileReference; fileEncoding = 4; lastKnownFileType = text.script.python; path = gtest_json_test_utils.py; sourceTree = "<group>"; };
		ED07F9DD24AADFE2006D36D1 /* googletest-param-test-invalid-name2-test.py */ = {isa = PBXFileReference; fileEncoding = 4; lastKnownFileType = text.script.python; path = "googletest-param-test-invalid-name2-test.py"; sourceTree = "<group>"; };
		ED07F9DE24AADFE2006D36D1 /* gtest_all_test.cc */ = {isa = PBXFileReference; fileEncoding = 4; lastKnownFileType = sourcecode.cpp.cpp; path = gtest_all_test.cc; sourceTree = "<group>"; };
		ED07F9DF24AADFE2006D36D1 /* googletest-json-output-unittest.py */ = {isa = PBXFileReference; fileEncoding = 4; lastKnownFileType = text.script.python; path = "googletest-json-output-unittest.py"; sourceTree = "<group>"; };
		ED07F9E024AADFE2006D36D1 /* googletest-break-on-failure-unittest.py */ = {isa = PBXFileReference; fileEncoding = 4; lastKnownFileType = text.script.python; path = "googletest-break-on-failure-unittest.py"; sourceTree = "<group>"; };
		ED07F9E124AADFE2006D36D1 /* googletest-param-test-invalid-name1-test_.cc */ = {isa = PBXFileReference; fileEncoding = 4; lastKnownFileType = sourcecode.cpp.cpp; path = "googletest-param-test-invalid-name1-test_.cc"; sourceTree = "<group>"; };
		ED07F9E224AADFE2006D36D1 /* googletest-catch-exceptions-test_.cc */ = {isa = PBXFileReference; fileEncoding = 4; lastKnownFileType = sourcecode.cpp.cpp; path = "googletest-catch-exceptions-test_.cc"; sourceTree = "<group>"; };
		ED07F9E324AADFE2006D36D1 /* googletest-break-on-failure-unittest_.cc */ = {isa = PBXFileReference; fileEncoding = 4; lastKnownFileType = sourcecode.cpp.cpp; path = "googletest-break-on-failure-unittest_.cc"; sourceTree = "<group>"; };
		ED07F9E424AADFE2006D36D1 /* googletest-setuptestsuite-test.py */ = {isa = PBXFileReference; fileEncoding = 4; lastKnownFileType = text.script.python; path = "googletest-setuptestsuite-test.py"; sourceTree = "<group>"; };
		ED07F9E524AADFE2006D36D1 /* googletest-shuffle-test_.cc */ = {isa = PBXFileReference; fileEncoding = 4; lastKnownFileType = sourcecode.cpp.cpp; path = "googletest-shuffle-test_.cc"; sourceTree = "<group>"; };
		ED07F9E624AADFE2006D36D1 /* gtest_premature_exit_test.cc */ = {isa = PBXFileReference; fileEncoding = 4; lastKnownFileType = sourcecode.cpp.cpp; path = gtest_premature_exit_test.cc; sourceTree = "<group>"; };
		ED07F9E724AADFE2006D36D1 /* googletest-list-tests-unittest.py */ = {isa = PBXFileReference; fileEncoding = 4; lastKnownFileType = text.script.python; path = "googletest-list-tests-unittest.py"; sourceTree = "<group>"; };
		ED07F9E824AADFE2006D36D1 /* gtest_xml_outfile2_test_.cc */ = {isa = PBXFileReference; fileEncoding = 4; lastKnownFileType = sourcecode.cpp.cpp; path = gtest_xml_outfile2_test_.cc; sourceTree = "<group>"; };
		ED07F9E924AADFE2006D36D1 /* googletest-env-var-test.py */ = {isa = PBXFileReference; fileEncoding = 4; lastKnownFileType = text.script.python; path = "googletest-env-var-test.py"; sourceTree = "<group>"; };
		ED07F9EA24AADFE2006D36D1 /* gtest_test_macro_stack_footprint_test.cc */ = {isa = PBXFileReference; fileEncoding = 4; lastKnownFileType = sourcecode.cpp.cpp; path = gtest_test_macro_stack_footprint_test.cc; sourceTree = "<group>"; };
		ED07F9EB24AADFE2006D36D1 /* googletest-list-tests-unittest_.cc */ = {isa = PBXFileReference; fileEncoding = 4; lastKnownFileType = sourcecode.cpp.cpp; path = "googletest-list-tests-unittest_.cc"; sourceTree = "<group>"; };
		ED07F9EC24AADFE2006D36D1 /* googletest-port-test.cc */ = {isa = PBXFileReference; fileEncoding = 4; lastKnownFileType = sourcecode.cpp.cpp; path = "googletest-port-test.cc"; sourceTree = "<group>"; };
		ED07F9ED24AADFE2006D36D1 /* gtest_list_output_unittest_.cc */ = {isa = PBXFileReference; fileEncoding = 4; lastKnownFileType = sourcecode.cpp.cpp; path = gtest_list_output_unittest_.cc; sourceTree = "<group>"; };
		ED07F9EE24AADFE2006D36D1 /* gtest_skip_test.cc */ = {isa = PBXFileReference; fileEncoding = 4; lastKnownFileType = sourcecode.cpp.cpp; path = gtest_skip_test.cc; sourceTree = "<group>"; };
		ED07F9EF24AADFE2006D36D1 /* gtest_no_test_unittest.cc */ = {isa = PBXFileReference; fileEncoding = 4; lastKnownFileType = sourcecode.cpp.cpp; path = gtest_no_test_unittest.cc; sourceTree = "<group>"; };
		ED07F9F024AADFE2006D36D1 /* gtest_xml_outfiles_test.py */ = {isa = PBXFileReference; fileEncoding = 4; lastKnownFileType = text.script.python; path = gtest_xml_outfiles_test.py; sourceTree = "<group>"; };
		ED07F9F124AADFE2006D36D1 /* gtest-typed-test_test.h */ = {isa = PBXFileReference; fileEncoding = 4; lastKnownFileType = sourcecode.c.h; path = "gtest-typed-test_test.h"; sourceTree = "<group>"; };
		ED07F9F224AADFE2006D36D1 /* gtest_help_test_.cc */ = {isa = PBXFileReference; fileEncoding = 4; lastKnownFileType = sourcecode.cpp.cpp; path = gtest_help_test_.cc; sourceTree = "<group>"; };
		ED07F9F324AADFE2006D36D1 /* googletest-output-test-golden-lin.txt */ = {isa = PBXFileReference; fileEncoding = 4; lastKnownFileType = text; path = "googletest-output-test-golden-lin.txt"; sourceTree = "<group>"; };
		ED07F9F424AADFE2006D36D1 /* gtest_list_output_unittest.py */ = {isa = PBXFileReference; fileEncoding = 4; lastKnownFileType = text.script.python; path = gtest_list_output_unittest.py; sourceTree = "<group>"; };
		ED07F9F524AADFE2006D36D1 /* googletest-filepath-test.cc */ = {isa = PBXFileReference; fileEncoding = 4; lastKnownFileType = sourcecode.cpp.cpp; path = "googletest-filepath-test.cc"; sourceTree = "<group>"; };
		ED07F9F624AADFE2006D36D1 /* googletest-param-test-test.cc */ = {isa = PBXFileReference; fileEncoding = 4; lastKnownFileType = sourcecode.cpp.cpp; path = "googletest-param-test-test.cc"; sourceTree = "<group>"; };
		ED07F9F724AADFE2006D36D1 /* googletest-printers-test.cc */ = {isa = PBXFileReference; fileEncoding = 4; lastKnownFileType = sourcecode.cpp.cpp; path = "googletest-printers-test.cc"; sourceTree = "<group>"; };
		ED07F9F824AADFE2006D36D1 /* BUILD.bazel */ = {isa = PBXFileReference; fileEncoding = 4; lastKnownFileType = text; path = BUILD.bazel; sourceTree = "<group>"; };
		ED07F9F924AADFE2006D36D1 /* gtest_xml_test_utils.py */ = {isa = PBXFileReference; fileEncoding = 4; lastKnownFileType = text.script.python; path = gtest_xml_test_utils.py; sourceTree = "<group>"; };
		ED07F9FA24AADFE2006D36D1 /* googletest-param-test2-test.cc */ = {isa = PBXFileReference; fileEncoding = 4; lastKnownFileType = sourcecode.cpp.cpp; path = "googletest-param-test2-test.cc"; sourceTree = "<group>"; };
		ED07F9FB24AADFE2006D36D1 /* production.h */ = {isa = PBXFileReference; fileEncoding = 4; lastKnownFileType = sourcecode.c.h; path = production.h; sourceTree = "<group>"; };
		ED07F9FC24AADFE2006D36D1 /* googletest-color-test.py */ = {isa = PBXFileReference; fileEncoding = 4; lastKnownFileType = text.script.python; path = "googletest-color-test.py"; sourceTree = "<group>"; };
		ED07F9FD24AADFE2006D36D1 /* googletest-filter-unittest.py */ = {isa = PBXFileReference; fileEncoding = 4; lastKnownFileType = text.script.python; path = "googletest-filter-unittest.py"; sourceTree = "<group>"; };
		ED07F9FE24AADFE2006D36D1 /* googletest-param-test-invalid-name2-test_.cc */ = {isa = PBXFileReference; fileEncoding = 4; lastKnownFileType = sourcecode.cpp.cpp; path = "googletest-param-test-invalid-name2-test_.cc"; sourceTree = "<group>"; };
		ED07F9FF24AADFE2006D36D1 /* gtest_skip_check_output_test.py */ = {isa = PBXFileReference; fileEncoding = 4; lastKnownFileType = text.script.python; path = gtest_skip_check_output_test.py; sourceTree = "<group>"; };
		ED07FA0024AADFE2006D36D1 /* gtest_testbridge_test.py */ = {isa = PBXFileReference; fileEncoding = 4; lastKnownFileType = text.script.python; path = gtest_testbridge_test.py; sourceTree = "<group>"; };
		ED07FA0124AADFE2006D36D1 /* gtest_unittest.cc */ = {isa = PBXFileReference; fileEncoding = 4; lastKnownFileType = sourcecode.cpp.cpp; path = gtest_unittest.cc; sourceTree = "<group>"; };
		ED07FA0224AADFE2006D36D1 /* googletest-throw-on-failure-test.py */ = {isa = PBXFileReference; fileEncoding = 4; lastKnownFileType = text.script.python; path = "googletest-throw-on-failure-test.py"; sourceTree = "<group>"; };
		ED07FA0324AADFE2006D36D1 /* googletest-shuffle-test.py */ = {isa = PBXFileReference; fileEncoding = 4; lastKnownFileType = text.script.python; path = "googletest-shuffle-test.py"; sourceTree = "<group>"; };
		ED07FA0424AADFE2006D36D1 /* gtest_sole_header_test.cc */ = {isa = PBXFileReference; fileEncoding = 4; lastKnownFileType = sourcecode.cpp.cpp; path = gtest_sole_header_test.cc; sourceTree = "<group>"; };
		ED07FA0524AADFE2006D36D1 /* googletest-uninitialized-test.py */ = {isa = PBXFileReference; fileEncoding = 4; lastKnownFileType = text.script.python; path = "googletest-uninitialized-test.py"; sourceTree = "<group>"; };
		ED07FA0624AADFE2006D36D1 /* googletest-color-test_.cc */ = {isa = PBXFileReference; fileEncoding = 4; lastKnownFileType = sourcecode.cpp.cpp; path = "googletest-color-test_.cc"; sourceTree = "<group>"; };
		ED07FA0724AADFE2006D36D1 /* googletest-catch-exceptions-test.py */ = {isa = PBXFileReference; fileEncoding = 4; lastKnownFileType = text.script.python; path = "googletest-catch-exceptions-test.py"; sourceTree = "<group>"; };
		ED07FA0824AADFE2006D36D1 /* googletest-death-test_ex_test.cc */ = {isa = PBXFileReference; fileEncoding = 4; lastKnownFileType = sourcecode.cpp.cpp; path = "googletest-death-test_ex_test.cc"; sourceTree = "<group>"; };
		ED07FA0924AADFE2006D36D1 /* googletest-json-outfiles-test.py */ = {isa = PBXFileReference; fileEncoding = 4; lastKnownFileType = text.script.python; path = "googletest-json-outfiles-test.py"; sourceTree = "<group>"; };
		ED07FA0A24AADFE2006D36D1 /* gtest_skip_environment_check_output_test.py */ = {isa = PBXFileReference; fileEncoding = 4; lastKnownFileType = text.script.python; path = gtest_skip_environment_check_output_test.py; sourceTree = "<group>"; };
		ED07FA0B24AADFE2006D36D1 /* gtest-typed-test2_test.cc */ = {isa = PBXFileReference; fileEncoding = 4; lastKnownFileType = sourcecode.cpp.cpp; path = "gtest-typed-test2_test.cc"; sourceTree = "<group>"; };
		ED07FA0C24AADFE2006D36D1 /* gtest-typed-test_test.cc */ = {isa = PBXFileReference; fileEncoding = 4; lastKnownFileType = sourcecode.cpp.cpp; path = "gtest-typed-test_test.cc"; sourceTree = "<group>"; };
		ED07FA0D24AADFE2006D36D1 /* googletest-failfast-unittest.py */ = {isa = PBXFileReference; fileEncoding = 4; lastKnownFileType = text.script.python; path = "googletest-failfast-unittest.py"; sourceTree = "<group>"; };
		ED07FA0E24AADFE2006D36D1 /* googletest-options-test.cc */ = {isa = PBXFileReference; fileEncoding = 4; lastKnownFileType = sourcecode.cpp.cpp; path = "googletest-options-test.cc"; sourceTree = "<group>"; };
		ED07FA0F24AADFE2006D36D1 /* gtest_throw_on_failure_ex_test.cc */ = {isa = PBXFileReference; fileEncoding = 4; lastKnownFileType = sourcecode.cpp.cpp; path = gtest_throw_on_failure_ex_test.cc; sourceTree = "<group>"; };
		ED07FA1124AADFE2006D36D1 /* internal_utils.cmake */ = {isa = PBXFileReference; fileEncoding = 4; lastKnownFileType = text; path = internal_utils.cmake; sourceTree = "<group>"; };
		ED07FA1224AADFE2006D36D1 /* gtest.pc.in */ = {isa = PBXFileReference; fileEncoding = 4; lastKnownFileType = text; path = gtest.pc.in; sourceTree = "<group>"; };
		ED07FA1324AADFE2006D36D1 /* gtest_main.pc.in */ = {isa = PBXFileReference; fileEncoding = 4; lastKnownFileType = text; path = gtest_main.pc.in; sourceTree = "<group>"; };
		ED07FA1424AADFE2006D36D1 /* Config.cmake.in */ = {isa = PBXFileReference; fileEncoding = 4; lastKnownFileType = text; path = Config.cmake.in; sourceTree = "<group>"; };
		ED07FA1524AADFE2006D36D1 /* libgtest.la.in */ = {isa = PBXFileReference; fileEncoding = 4; lastKnownFileType = text; path = libgtest.la.in; sourceTree = "<group>"; };
		ED07FA1824AADFE2006D36D1 /* gtest-matchers.h */ = {isa = PBXFileReference; fileEncoding = 4; lastKnownFileType = sourcecode.c.h; path = "gtest-matchers.h"; sourceTree = "<group>"; };
		ED07FA1924AADFE2006D36D1 /* gtest-death-test.h */ = {isa = PBXFileReference; fileEncoding = 4; lastKnownFileType = sourcecode.c.h; path = "gtest-death-test.h"; sourceTree = "<group>"; };
		ED07FA1A24AADFE2006D36D1 /* gtest-spi.h */ = {isa = PBXFileReference; fileEncoding = 4; lastKnownFileType = sourcecode.c.h; path = "gtest-spi.h"; sourceTree = "<group>"; };
		ED07FA1C24AADFE2006D36D1 /* gtest-string.h */ = {isa = PBXFileReference; fileEncoding = 4; lastKnownFileType = sourcecode.c.h; path = "gtest-string.h"; sourceTree = "<group>"; };
		ED07FA1D24AADFE3006D36D1 /* gtest-death-test-internal.h */ = {isa = PBXFileReference; fileEncoding = 4; lastKnownFileType = sourcecode.c.h; path = "gtest-death-test-internal.h"; sourceTree = "<group>"; };
		ED07FA1E24AADFE3006D36D1 /* gtest-port.h */ = {isa = PBXFileReference; fileEncoding = 4; lastKnownFileType = sourcecode.c.h; path = "gtest-port.h"; sourceTree = "<group>"; };
		ED07FA1F24AADFE3006D36D1 /* gtest-port-arch.h */ = {isa = PBXFileReference; fileEncoding = 4; lastKnownFileType = sourcecode.c.h; path = "gtest-port-arch.h"; sourceTree = "<group>"; };
		ED07FA2024AADFE3006D36D1 /* gtest-internal.h */ = {isa = PBXFileReference; fileEncoding = 4; lastKnownFileType = sourcecode.c.h; path = "gtest-internal.h"; sourceTree = "<group>"; };
		ED07FA2124AADFE3006D36D1 /* gtest-param-util.h */ = {isa = PBXFileReference; fileEncoding = 4; lastKnownFileType = sourcecode.c.h; path = "gtest-param-util.h"; sourceTree = "<group>"; };
		ED07FA2224AADFE3006D36D1 /* gtest-type-util.h */ = {isa = PBXFileReference; fileEncoding = 4; lastKnownFileType = sourcecode.c.h; path = "gtest-type-util.h"; sourceTree = "<group>"; };
		ED07FA2324AADFE3006D36D1 /* gtest-filepath.h */ = {isa = PBXFileReference; fileEncoding = 4; lastKnownFileType = sourcecode.c.h; path = "gtest-filepath.h"; sourceTree = "<group>"; };
		ED07FA2524AADFE3006D36D1 /* gtest-port.h */ = {isa = PBXFileReference; fileEncoding = 4; lastKnownFileType = sourcecode.c.h; path = "gtest-port.h"; sourceTree = "<group>"; };
		ED07FA2624AADFE3006D36D1 /* README.md */ = {isa = PBXFileReference; fileEncoding = 4; lastKnownFileType = net.daringfireball.markdown; path = README.md; sourceTree = "<group>"; };
		ED07FA2724AADFE3006D36D1 /* gtest.h */ = {isa = PBXFileReference; fileEncoding = 4; lastKnownFileType = sourcecode.c.h; path = gtest.h; sourceTree = "<group>"; };
		ED07FA2824AADFE3006D36D1 /* gtest-printers.h */ = {isa = PBXFileReference; fileEncoding = 4; lastKnownFileType = sourcecode.c.h; path = "gtest-printers.h"; sourceTree = "<group>"; };
		ED07FA2924AADFE3006D36D1 /* gtest-message.h */ = {isa = PBXFileReference; fileEncoding = 4; lastKnownFileType = sourcecode.c.h; path = "gtest-message.h"; sourceTree = "<group>"; };
		ED07FA2A24AADFE3006D36D1 /* gtest-param-test.h */ = {isa = PBXFileReference; fileEncoding = 4; lastKnownFileType = sourcecode.c.h; path = "gtest-param-test.h"; sourceTree = "<group>"; };
		ED07FA2B24AADFE3006D36D1 /* gtest-typed-test.h */ = {isa = PBXFileReference; fileEncoding = 4; lastKnownFileType = sourcecode.c.h; path = "gtest-typed-test.h"; sourceTree = "<group>"; };
		ED07FA2C24AADFE3006D36D1 /* gtest_pred_impl.h */ = {isa = PBXFileReference; fileEncoding = 4; lastKnownFileType = sourcecode.c.h; path = gtest_pred_impl.h; sourceTree = "<group>"; };
		ED07FA2D24AADFE3006D36D1 /* gtest_prod.h */ = {isa = PBXFileReference; fileEncoding = 4; lastKnownFileType = sourcecode.c.h; path = gtest_prod.h; sourceTree = "<group>"; };
		ED07FA2E24AADFE3006D36D1 /* gtest-test-part.h */ = {isa = PBXFileReference; fileEncoding = 4; lastKnownFileType = sourcecode.c.h; path = "gtest-test-part.h"; sourceTree = "<group>"; };
		ED07FA2F24AADFE3006D36D1 /* gtest.h */ = {isa = PBXFileReference; fileEncoding = 4; lastKnownFileType = sourcecode.c.h; path = gtest.h; sourceTree = "<group>"; };
		ED07FA3024AADFE3006D36D1 /* gtest-printers.h */ = {isa = PBXFileReference; fileEncoding = 4; lastKnownFileType = sourcecode.c.h; path = "gtest-printers.h"; sourceTree = "<group>"; };
		ED07FA3224AADFE3006D36D1 /* samples.md */ = {isa = PBXFileReference; fileEncoding = 4; lastKnownFileType = net.daringfireball.markdown; path = samples.md; sourceTree = "<group>"; };
		ED07FA3324AADFE3006D36D1 /* faq.md */ = {isa = PBXFileReference; fileEncoding = 4; lastKnownFileType = net.daringfireball.markdown; path = faq.md; sourceTree = "<group>"; };
		ED07FA3424AADFE3006D36D1 /* primer.md */ = {isa = PBXFileReference; fileEncoding = 4; lastKnownFileType = net.daringfireball.markdown; path = primer.md; sourceTree = "<group>"; };
		ED07FA3524AADFE3006D36D1 /* advanced.md */ = {isa = PBXFileReference; fileEncoding = 4; lastKnownFileType = net.daringfireball.markdown; path = advanced.md; sourceTree = "<group>"; };
		ED07FA3624AADFE3006D36D1 /* pkgconfig.md */ = {isa = PBXFileReference; fileEncoding = 4; lastKnownFileType = net.daringfireball.markdown; path = pkgconfig.md; sourceTree = "<group>"; };
		ED07FA3724AADFE3006D36D1 /* CONTRIBUTORS */ = {isa = PBXFileReference; fileEncoding = 4; lastKnownFileType = text; path = CONTRIBUTORS; sourceTree = "<group>"; };
		ED07FA3824AADFE3006D36D1 /* README.md */ = {isa = PBXFileReference; fileEncoding = 4; lastKnownFileType = net.daringfireball.markdown; path = README.md; sourceTree = "<group>"; };
		ED07FA3A24AADFE3006D36D1 /* sample6_unittest.cc */ = {isa = PBXFileReference; fileEncoding = 4; lastKnownFileType = sourcecode.cpp.cpp; path = sample6_unittest.cc; sourceTree = "<group>"; };
		ED07FA3B24AADFE3006D36D1 /* sample3_unittest.cc */ = {isa = PBXFileReference; fileEncoding = 4; lastKnownFileType = sourcecode.cpp.cpp; path = sample3_unittest.cc; sourceTree = "<group>"; };
		ED07FA3C24AADFE3006D36D1 /* sample4.h */ = {isa = PBXFileReference; fileEncoding = 4; lastKnownFileType = sourcecode.c.h; path = sample4.h; sourceTree = "<group>"; };
		ED07FA3D24AADFE3006D36D1 /* sample9_unittest.cc */ = {isa = PBXFileReference; fileEncoding = 4; lastKnownFileType = sourcecode.cpp.cpp; path = sample9_unittest.cc; sourceTree = "<group>"; };
		ED07FA3E24AADFE3006D36D1 /* sample10_unittest.cc */ = {isa = PBXFileReference; fileEncoding = 4; lastKnownFileType = sourcecode.cpp.cpp; path = sample10_unittest.cc; sourceTree = "<group>"; };
		ED07FA3F24AADFE3006D36D1 /* sample5_unittest.cc */ = {isa = PBXFileReference; fileEncoding = 4; lastKnownFileType = sourcecode.cpp.cpp; path = sample5_unittest.cc; sourceTree = "<group>"; };
		ED07FA4024AADFE3006D36D1 /* sample2.cc */ = {isa = PBXFileReference; fileEncoding = 4; lastKnownFileType = sourcecode.cpp.cpp; path = sample2.cc; sourceTree = "<group>"; };
		ED07FA4124AADFE3006D36D1 /* prime_tables.h */ = {isa = PBXFileReference; fileEncoding = 4; lastKnownFileType = sourcecode.c.h; path = prime_tables.h; sourceTree = "<group>"; };
		ED07FA4224AADFE3006D36D1 /* sample3-inl.h */ = {isa = PBXFileReference; fileEncoding = 4; lastKnownFileType = sourcecode.c.h; path = "sample3-inl.h"; sourceTree = "<group>"; };
		ED07FA4324AADFE3006D36D1 /* sample1.cc */ = {isa = PBXFileReference; fileEncoding = 4; lastKnownFileType = sourcecode.cpp.cpp; path = sample1.cc; sourceTree = "<group>"; };
		ED07FA4424AADFE3006D36D1 /* sample2_unittest.cc */ = {isa = PBXFileReference; fileEncoding = 4; lastKnownFileType = sourcecode.cpp.cpp; path = sample2_unittest.cc; sourceTree = "<group>"; };
		ED07FA4524AADFE3006D36D1 /* sample7_unittest.cc */ = {isa = PBXFileReference; fileEncoding = 4; lastKnownFileType = sourcecode.cpp.cpp; path = sample7_unittest.cc; sourceTree = "<group>"; };
		ED07FA4624AADFE3006D36D1 /* sample2.h */ = {isa = PBXFileReference; fileEncoding = 4; lastKnownFileType = sourcecode.c.h; path = sample2.h; sourceTree = "<group>"; };
		ED07FA4724AADFE3006D36D1 /* sample4.cc */ = {isa = PBXFileReference; fileEncoding = 4; lastKnownFileType = sourcecode.cpp.cpp; path = sample4.cc; sourceTree = "<group>"; };
		ED07FA4824AADFE3006D36D1 /* sample4_unittest.cc */ = {isa = PBXFileReference; fileEncoding = 4; lastKnownFileType = sourcecode.cpp.cpp; path = sample4_unittest.cc; sourceTree = "<group>"; };
		ED07FA4924AADFE3006D36D1 /* sample1_unittest.cc */ = {isa = PBXFileReference; fileEncoding = 4; lastKnownFileType = sourcecode.cpp.cpp; path = sample1_unittest.cc; sourceTree = "<group>"; };
		ED07FA4A24AADFE3006D36D1 /* sample1.h */ = {isa = PBXFileReference; fileEncoding = 4; lastKnownFileType = sourcecode.c.h; path = sample1.h; sourceTree = "<group>"; };
		ED07FA4B24AADFE3006D36D1 /* sample8_unittest.cc */ = {isa = PBXFileReference; fileEncoding = 4; lastKnownFileType = sourcecode.cpp.cpp; path = sample8_unittest.cc; sourceTree = "<group>"; };
		ED07FA4D24AADFE3006D36D1 /* release_docs.py */ = {isa = PBXFileReference; fileEncoding = 4; lastKnownFileType = text.script.python; path = release_docs.py; sourceTree = "<group>"; };
		ED07FA4F24AADFE3006D36D1 /* Makefile */ = {isa = PBXFileReference; fileEncoding = 4; lastKnownFileType = sourcecode.make; path = Makefile; sourceTree = "<group>"; };
		ED07FA5024AADFE3006D36D1 /* upload.py */ = {isa = PBXFileReference; fileEncoding = 4; lastKnownFileType = text.script.python; path = upload.py; sourceTree = "<group>"; };
		ED07FA5124AADFE3006D36D1 /* run_with_path.py */ = {isa = PBXFileReference; fileEncoding = 4; lastKnownFileType = text.script.python; path = run_with_path.py; sourceTree = "<group>"; };
		ED07FA5224AADFE3006D36D1 /* fuse_gtest_files.py */ = {isa = PBXFileReference; fileEncoding = 4; lastKnownFileType = text.script.python; path = fuse_gtest_files.py; sourceTree = "<group>"; };
		ED07FA5324AADFE3006D36D1 /* gtest-config.in */ = {isa = PBXFileReference; fileEncoding = 4; lastKnownFileType = text.script.sh; path = "gtest-config.in"; sourceTree = "<group>"; };
		ED07FA5424AADFE3006D36D1 /* README.md */ = {isa = PBXFileReference; fileEncoding = 4; lastKnownFileType = net.daringfireball.markdown; path = README.md; sourceTree = "<group>"; };
		ED07FA5524AADFE3006D36D1 /* gen_gtest_pred_impl.py */ = {isa = PBXFileReference; fileEncoding = 4; lastKnownFileType = text.script.python; path = gen_gtest_pred_impl.py; sourceTree = "<group>"; };
		ED07FA5624AADFE3006D36D1 /* common.py */ = {isa = PBXFileReference; fileEncoding = 4; lastKnownFileType = text.script.python; path = common.py; sourceTree = "<group>"; };
		ED07FA5724AADFE3006D36D1 /* upload_gtest.py */ = {isa = PBXFileReference; fileEncoding = 4; lastKnownFileType = text.script.python; path = upload_gtest.py; sourceTree = "<group>"; };
		ED07FA5924AADFE3006D36D1 /* gtest-test-part.cc */ = {isa = PBXFileReference; fileEncoding = 4; lastKnownFileType = sourcecode.cpp.cpp; path = "gtest-test-part.cc"; sourceTree = "<group>"; };
		ED07FA5A24AADFE3006D36D1 /* gtest.cc */ = {isa = PBXFileReference; fileEncoding = 4; lastKnownFileType = sourcecode.cpp.cpp; path = gtest.cc; sourceTree = "<group>"; };
		ED07FA5B24AADFE3006D36D1 /* gtest_main.cc */ = {isa = PBXFileReference; fileEncoding = 4; lastKnownFileType = sourcecode.cpp.cpp; path = gtest_main.cc; sourceTree = "<group>"; };
		ED07FA5C24AADFE3006D36D1 /* gtest-internal-inl.h */ = {isa = PBXFileReference; fileEncoding = 4; lastKnownFileType = sourcecode.c.h; path = "gtest-internal-inl.h"; sourceTree = "<group>"; };
		ED07FA5D24AADFE3006D36D1 /* gtest-death-test.cc */ = {isa = PBXFileReference; fileEncoding = 4; lastKnownFileType = sourcecode.cpp.cpp; path = "gtest-death-test.cc"; sourceTree = "<group>"; };
		ED07FA5E24AADFE3006D36D1 /* gtest-port.cc */ = {isa = PBXFileReference; fileEncoding = 4; lastKnownFileType = sourcecode.cpp.cpp; path = "gtest-port.cc"; sourceTree = "<group>"; };
		ED07FA5F24AADFE3006D36D1 /* gtest-printers.cc */ = {isa = PBXFileReference; fileEncoding = 4; lastKnownFileType = sourcecode.cpp.cpp; path = "gtest-printers.cc"; sourceTree = "<group>"; };
		ED07FA6024AADFE3006D36D1 /* gtest-typed-test.cc */ = {isa = PBXFileReference; fileEncoding = 4; lastKnownFileType = sourcecode.cpp.cpp; path = "gtest-typed-test.cc"; sourceTree = "<group>"; };
		ED07FA6124AADFE3006D36D1 /* gtest-all.cc */ = {isa = PBXFileReference; fileEncoding = 4; lastKnownFileType = sourcecode.cpp.cpp; path = "gtest-all.cc"; sourceTree = "<group>"; };
		ED07FA6224AADFE3006D36D1 /* gtest-filepath.cc */ = {isa = PBXFileReference; fileEncoding = 4; lastKnownFileType = sourcecode.cpp.cpp; path = "gtest-filepath.cc"; sourceTree = "<group>"; };
		ED07FA6324AADFE3006D36D1 /* gtest-matchers.cc */ = {isa = PBXFileReference; fileEncoding = 4; lastKnownFileType = sourcecode.cpp.cpp; path = "gtest-matchers.cc"; sourceTree = "<group>"; };
		ED07FA6424AADFE3006D36D1 /* BUILD.bazel */ = {isa = PBXFileReference; fileEncoding = 4; lastKnownFileType = text; path = BUILD.bazel; sourceTree = "<group>"; };
		ED07FA6624AADFE3006D36D1 /* CMakeLists.txt */ = {isa = PBXFileReference; fileEncoding = 4; lastKnownFileType = text; path = CMakeLists.txt; sourceTree = "<group>"; };
		ED07FA6724AADFE3006D36D1 /* LICENSE */ = {isa = PBXFileReference; fileEncoding = 4; lastKnownFileType = text; path = LICENSE; sourceTree = "<group>"; };
		ED07FA6924AADFE3006D36D1 /* gmock_leak_test.py */ = {isa = PBXFileReference; fileEncoding = 4; lastKnownFileType = text.script.python; path = gmock_leak_test.py; sourceTree = "<group>"; };
		ED07FA6A24AADFE3006D36D1 /* gmock_all_test.cc */ = {isa = PBXFileReference; fileEncoding = 4; lastKnownFileType = sourcecode.cpp.cpp; path = gmock_all_test.cc; sourceTree = "<group>"; };
		ED07FA6B24AADFE3006D36D1 /* gmock_output_test_.cc */ = {isa = PBXFileReference; fileEncoding = 4; lastKnownFileType = sourcecode.cpp.cpp; path = gmock_output_test_.cc; sourceTree = "<group>"; };
		ED07FA6C24AADFE3006D36D1 /* gmock-port_test.cc */ = {isa = PBXFileReference; fileEncoding = 4; lastKnownFileType = sourcecode.cpp.cpp; path = "gmock-port_test.cc"; sourceTree = "<group>"; };
		ED07FA6D24AADFE3006D36D1 /* gmock_test.cc */ = {isa = PBXFileReference; fileEncoding = 4; lastKnownFileType = sourcecode.cpp.cpp; path = gmock_test.cc; sourceTree = "<group>"; };
		ED07FA6E24AADFE3006D36D1 /* gmock-nice-strict_test.cc */ = {isa = PBXFileReference; fileEncoding = 4; lastKnownFileType = sourcecode.cpp.cpp; path = "gmock-nice-strict_test.cc"; sourceTree = "<group>"; };
		ED07FA6F24AADFE3006D36D1 /* gmock-spec-builders_test.cc */ = {isa = PBXFileReference; fileEncoding = 4; lastKnownFileType = sourcecode.cpp.cpp; path = "gmock-spec-builders_test.cc"; sourceTree = "<group>"; };
		ED07FA7024AADFE3006D36D1 /* gmock_output_test_golden.txt */ = {isa = PBXFileReference; fileEncoding = 4; lastKnownFileType = text; path = gmock_output_test_golden.txt; sourceTree = "<group>"; };
		ED07FA7124AADFE3006D36D1 /* gmock_link2_test.cc */ = {isa = PBXFileReference; fileEncoding = 4; lastKnownFileType = sourcecode.cpp.cpp; path = gmock_link2_test.cc; sourceTree = "<group>"; };
		ED07FA7224AADFE3006D36D1 /* gmock_link_test.cc */ = {isa = PBXFileReference; fileEncoding = 4; lastKnownFileType = sourcecode.cpp.cpp; path = gmock_link_test.cc; sourceTree = "<group>"; };
		ED07FA7324AADFE3006D36D1 /* gmock_leak_test_.cc */ = {isa = PBXFileReference; fileEncoding = 4; lastKnownFileType = sourcecode.cpp.cpp; path = gmock_leak_test_.cc; sourceTree = "<group>"; };
		ED07FA7424AADFE3006D36D1 /* gmock-generated-actions_test.cc */ = {isa = PBXFileReference; fileEncoding = 4; lastKnownFileType = sourcecode.cpp.cpp; path = "gmock-generated-actions_test.cc"; sourceTree = "<group>"; };
		ED07FA7524AADFE3006D36D1 /* gmock_ex_test.cc */ = {isa = PBXFileReference; fileEncoding = 4; lastKnownFileType = sourcecode.cpp.cpp; path = gmock_ex_test.cc; sourceTree = "<group>"; };
		ED07FA7624AADFE3006D36D1 /* gmock-pp_test.cc */ = {isa = PBXFileReference; fileEncoding = 4; lastKnownFileType = sourcecode.cpp.cpp; path = "gmock-pp_test.cc"; sourceTree = "<group>"; };
		ED07FA7724AADFE3006D36D1 /* gmock-internal-utils_test.cc */ = {isa = PBXFileReference; fileEncoding = 4; lastKnownFileType = sourcecode.cpp.cpp; path = "gmock-internal-utils_test.cc"; sourceTree = "<group>"; };
		ED07FA7824AADFE3006D36D1 /* gmock-function-mocker_nc_test.py */ = {isa = PBXFileReference; fileEncoding = 4; lastKnownFileType = text.script.python; path = "gmock-function-mocker_nc_test.py"; sourceTree = "<group>"; };
		ED07FA7924AADFE3006D36D1 /* gmock_stress_test.cc */ = {isa = PBXFileReference; fileEncoding = 4; lastKnownFileType = sourcecode.cpp.cpp; path = gmock_stress_test.cc; sourceTree = "<group>"; };
		ED07FA7A24AADFE3006D36D1 /* gmock-more-actions_test.cc */ = {isa = PBXFileReference; fileEncoding = 4; lastKnownFileType = sourcecode.cpp.cpp; path = "gmock-more-actions_test.cc"; sourceTree = "<group>"; };
		ED07FA7B24AADFE3006D36D1 /* gmock-generated-matchers_test.cc */ = {isa = PBXFileReference; fileEncoding = 4; lastKnownFileType = sourcecode.cpp.cpp; path = "gmock-generated-matchers_test.cc"; sourceTree = "<group>"; };
		ED07FA7C24AADFE3006D36D1 /* gmock-pp-string_test.cc */ = {isa = PBXFileReference; fileEncoding = 4; lastKnownFileType = sourcecode.cpp.cpp; path = "gmock-pp-string_test.cc"; sourceTree = "<group>"; };
		ED07FA7D24AADFE3006D36D1 /* gmock-actions_test.cc */ = {isa = PBXFileReference; fileEncoding = 4; lastKnownFileType = sourcecode.cpp.cpp; path = "gmock-actions_test.cc"; sourceTree = "<group>"; };
		ED07FA7E24AADFE3006D36D1 /* gmock-cardinalities_test.cc */ = {isa = PBXFileReference; fileEncoding = 4; lastKnownFileType = sourcecode.cpp.cpp; path = "gmock-cardinalities_test.cc"; sourceTree = "<group>"; };
		ED07FA7F24AADFE3006D36D1 /* BUILD.bazel */ = {isa = PBXFileReference; fileEncoding = 4; lastKnownFileType = text; path = BUILD.bazel; sourceTree = "<group>"; };
		ED07FA8024AADFE3006D36D1 /* gmock_test_utils.py */ = {isa = PBXFileReference; fileEncoding = 4; lastKnownFileType = text.script.python; path = gmock_test_utils.py; sourceTree = "<group>"; };
		ED07FA8124AADFE3006D36D1 /* gmock-function-mocker_test.cc */ = {isa = PBXFileReference; fileEncoding = 4; lastKnownFileType = sourcecode.cpp.cpp; path = "gmock-function-mocker_test.cc"; sourceTree = "<group>"; };
		ED07FA8224AADFE3006D36D1 /* gmock-matchers_test.cc */ = {isa = PBXFileReference; fileEncoding = 4; lastKnownFileType = sourcecode.cpp.cpp; path = "gmock-matchers_test.cc"; sourceTree = "<group>"; };
		ED07FA8324AADFE3006D36D1 /* pump_test.py */ = {isa = PBXFileReference; fileEncoding = 4; lastKnownFileType = text.script.python; path = pump_test.py; sourceTree = "<group>"; };
		ED07FA8424AADFE3006D36D1 /* gmock-function-mocker_nc.cc */ = {isa = PBXFileReference; fileEncoding = 4; lastKnownFileType = sourcecode.cpp.cpp; path = "gmock-function-mocker_nc.cc"; sourceTree = "<group>"; };
		ED07FA8524AADFE3006D36D1 /* gmock_output_test.py */ = {isa = PBXFileReference; fileEncoding = 4; lastKnownFileType = text.script.python; path = gmock_output_test.py; sourceTree = "<group>"; };
		ED07FA8624AADFE3006D36D1 /* gmock_link_test.h */ = {isa = PBXFileReference; fileEncoding = 4; lastKnownFileType = sourcecode.c.h; path = gmock_link_test.h; sourceTree = "<group>"; };
		ED07FA8824AADFE3006D36D1 /* gmock_main.pc.in */ = {isa = PBXFileReference; fileEncoding = 4; lastKnownFileType = text; path = gmock_main.pc.in; sourceTree = "<group>"; };
		ED07FA8924AADFE3006D36D1 /* gmock.pc.in */ = {isa = PBXFileReference; fileEncoding = 4; lastKnownFileType = text; path = gmock.pc.in; sourceTree = "<group>"; };
		ED07FA8C24AADFE3006D36D1 /* gmock-generated-actions.h.pump */ = {isa = PBXFileReference; fileEncoding = 4; lastKnownFileType = text; path = "gmock-generated-actions.h.pump"; sourceTree = "<group>"; };
		ED07FA8D24AADFE3006D36D1 /* gmock-matchers.h */ = {isa = PBXFileReference; fileEncoding = 4; lastKnownFileType = sourcecode.c.h; path = "gmock-matchers.h"; sourceTree = "<group>"; };
		ED07FA8E24AADFE3006D36D1 /* gmock-more-actions.h */ = {isa = PBXFileReference; fileEncoding = 4; lastKnownFileType = sourcecode.c.h; path = "gmock-more-actions.h"; sourceTree = "<group>"; };
		ED07FA8F24AADFE3006D36D1 /* gmock-generated-actions.h */ = {isa = PBXFileReference; fileEncoding = 4; lastKnownFileType = sourcecode.c.h; path = "gmock-generated-actions.h"; sourceTree = "<group>"; };
		ED07FA9124AADFE3006D36D1 /* gmock-port.h */ = {isa = PBXFileReference; fileEncoding = 4; lastKnownFileType = sourcecode.c.h; path = "gmock-port.h"; sourceTree = "<group>"; };
		ED07FA9224AADFE3006D36D1 /* gmock-internal-utils.h */ = {isa = PBXFileReference; fileEncoding = 4; lastKnownFileType = sourcecode.c.h; path = "gmock-internal-utils.h"; sourceTree = "<group>"; };
		ED07FA9324AADFE3006D36D1 /* gmock-pp.h */ = {isa = PBXFileReference; fileEncoding = 4; lastKnownFileType = sourcecode.c.h; path = "gmock-pp.h"; sourceTree = "<group>"; };
		ED07FA9524AADFE3006D36D1 /* gmock-generated-actions.h.pump */ = {isa = PBXFileReference; fileEncoding = 4; lastKnownFileType = text; path = "gmock-generated-actions.h.pump"; sourceTree = "<group>"; };
		ED07FA9624AADFE3006D36D1 /* gmock-port.h */ = {isa = PBXFileReference; fileEncoding = 4; lastKnownFileType = sourcecode.c.h; path = "gmock-port.h"; sourceTree = "<group>"; };
		ED07FA9724AADFE3006D36D1 /* gmock-matchers.h */ = {isa = PBXFileReference; fileEncoding = 4; lastKnownFileType = sourcecode.c.h; path = "gmock-matchers.h"; sourceTree = "<group>"; };
		ED07FA9824AADFE3006D36D1 /* gmock-generated-actions.h */ = {isa = PBXFileReference; fileEncoding = 4; lastKnownFileType = sourcecode.c.h; path = "gmock-generated-actions.h"; sourceTree = "<group>"; };
		ED07FA9924AADFE3006D36D1 /* README.md */ = {isa = PBXFileReference; fileEncoding = 4; lastKnownFileType = net.daringfireball.markdown; path = README.md; sourceTree = "<group>"; };
		ED07FA9A24AADFE3006D36D1 /* gmock-function-mocker.h */ = {isa = PBXFileReference; fileEncoding = 4; lastKnownFileType = sourcecode.c.h; path = "gmock-function-mocker.h"; sourceTree = "<group>"; };
		ED07FA9B24AADFE3006D36D1 /* gmock-more-matchers.h */ = {isa = PBXFileReference; fileEncoding = 4; lastKnownFileType = sourcecode.c.h; path = "gmock-more-matchers.h"; sourceTree = "<group>"; };
		ED07FA9C24AADFE3006D36D1 /* gmock-cardinalities.h */ = {isa = PBXFileReference; fileEncoding = 4; lastKnownFileType = sourcecode.c.h; path = "gmock-cardinalities.h"; sourceTree = "<group>"; };
		ED07FA9D24AADFE3006D36D1 /* gmock-spec-builders.h */ = {isa = PBXFileReference; fileEncoding = 4; lastKnownFileType = sourcecode.c.h; path = "gmock-spec-builders.h"; sourceTree = "<group>"; };
		ED07FA9E24AADFE3006D36D1 /* gmock-nice-strict.h */ = {isa = PBXFileReference; fileEncoding = 4; lastKnownFileType = sourcecode.c.h; path = "gmock-nice-strict.h"; sourceTree = "<group>"; };
		ED07FA9F24AADFE3006D36D1 /* gmock.h */ = {isa = PBXFileReference; fileEncoding = 4; lastKnownFileType = sourcecode.c.h; path = gmock.h; sourceTree = "<group>"; };
		ED07FAA024AADFE3006D36D1 /* gmock-actions.h */ = {isa = PBXFileReference; fileEncoding = 4; lastKnownFileType = sourcecode.c.h; path = "gmock-actions.h"; sourceTree = "<group>"; };
		ED07FAA224AADFE3006D36D1 /* cook_book.md */ = {isa = PBXFileReference; fileEncoding = 4; lastKnownFileType = net.daringfireball.markdown; path = cook_book.md; sourceTree = "<group>"; };
		ED07FAA324AADFE3006D36D1 /* for_dummies.md */ = {isa = PBXFileReference; fileEncoding = 4; lastKnownFileType = net.daringfireball.markdown; path = for_dummies.md; sourceTree = "<group>"; };
		ED07FAA424AADFE3006D36D1 /* pump_manual.md */ = {isa = PBXFileReference; fileEncoding = 4; lastKnownFileType = net.daringfireball.markdown; path = pump_manual.md; sourceTree = "<group>"; };
		ED07FAA524AADFE3006D36D1 /* cheat_sheet.md */ = {isa = PBXFileReference; fileEncoding = 4; lastKnownFileType = net.daringfireball.markdown; path = cheat_sheet.md; sourceTree = "<group>"; };
		ED07FAA624AADFE3006D36D1 /* gmock_faq.md */ = {isa = PBXFileReference; fileEncoding = 4; lastKnownFileType = net.daringfireball.markdown; path = gmock_faq.md; sourceTree = "<group>"; };
		ED07FAA724AADFE3006D36D1 /* community_created_documentation.md */ = {isa = PBXFileReference; fileEncoding = 4; lastKnownFileType = net.daringfireball.markdown; path = community_created_documentation.md; sourceTree = "<group>"; };
		ED07FAA824AADFE3006D36D1 /* CONTRIBUTORS */ = {isa = PBXFileReference; fileEncoding = 4; lastKnownFileType = text; path = CONTRIBUTORS; sourceTree = "<group>"; };
		ED07FAA924AADFE3006D36D1 /* README.md */ = {isa = PBXFileReference; fileEncoding = 4; lastKnownFileType = net.daringfireball.markdown; path = README.md; sourceTree = "<group>"; };
		ED07FAAB24AADFE3006D36D1 /* pump.py */ = {isa = PBXFileReference; fileEncoding = 4; lastKnownFileType = text.script.python; path = pump.py; sourceTree = "<group>"; };
		ED07FAAC24AADFE3006D36D1 /* README.md */ = {isa = PBXFileReference; fileEncoding = 4; lastKnownFileType = net.daringfireball.markdown; path = README.md; sourceTree = "<group>"; };
		ED07FAAE24AADFE3006D36D1 /* LICENSE */ = {isa = PBXFileReference; fileEncoding = 4; lastKnownFileType = text; path = LICENSE; sourceTree = "<group>"; };
		ED07FAAF24AADFE4006D36D1 /* README */ = {isa = PBXFileReference; fileEncoding = 4; lastKnownFileType = text; path = README; sourceTree = "<group>"; };
		ED07FAB124AADFE4006D36D1 /* gmock_class.py */ = {isa = PBXFileReference; fileEncoding = 4; lastKnownFileType = text.script.python; path = gmock_class.py; sourceTree = "<group>"; };
		ED07FAB224AADFE4006D36D1 /* keywords.py */ = {isa = PBXFileReference; fileEncoding = 4; lastKnownFileType = text.script.python; path = keywords.py; sourceTree = "<group>"; };
		ED07FAB324AADFE4006D36D1 /* __init__.py */ = {isa = PBXFileReference; fileEncoding = 4; lastKnownFileType = text.script.python; path = __init__.py; sourceTree = "<group>"; };
		ED07FAB424AADFE4006D36D1 /* utils.py */ = {isa = PBXFileReference; fileEncoding = 4; lastKnownFileType = text.script.python; path = utils.py; sourceTree = "<group>"; };
		ED07FAB524AADFE4006D36D1 /* ast.py */ = {isa = PBXFileReference; fileEncoding = 4; lastKnownFileType = text.script.python; path = ast.py; sourceTree = "<group>"; };
		ED07FAB624AADFE4006D36D1 /* tokenize.py */ = {isa = PBXFileReference; fileEncoding = 4; lastKnownFileType = text.script.python; path = tokenize.py; sourceTree = "<group>"; };
		ED07FAB724AADFE4006D36D1 /* gmock_class_test.py */ = {isa = PBXFileReference; fileEncoding = 4; lastKnownFileType = text.script.python; path = gmock_class_test.py; sourceTree = "<group>"; };
		ED07FAB824AADFE4006D36D1 /* README.cppclean */ = {isa = PBXFileReference; fileEncoding = 4; lastKnownFileType = text; path = README.cppclean; sourceTree = "<group>"; };
		ED07FAB924AADFE4006D36D1 /* gmock_gen.py */ = {isa = PBXFileReference; fileEncoding = 4; lastKnownFileType = text.script.python; path = gmock_gen.py; sourceTree = "<group>"; };
		ED07FABA24AADFE4006D36D1 /* fuse_gmock_files.py */ = {isa = PBXFileReference; fileEncoding = 4; lastKnownFileType = text.script.python; path = fuse_gmock_files.py; sourceTree = "<group>"; };
		ED07FABC24AADFE4006D36D1 /* gmock-internal-utils.cc */ = {isa = PBXFileReference; fileEncoding = 4; lastKnownFileType = sourcecode.cpp.cpp; path = "gmock-internal-utils.cc"; sourceTree = "<group>"; };
		ED07FABD24AADFE4006D36D1 /* gmock-cardinalities.cc */ = {isa = PBXFileReference; fileEncoding = 4; lastKnownFileType = sourcecode.cpp.cpp; path = "gmock-cardinalities.cc"; sourceTree = "<group>"; };
		ED07FABE24AADFE4006D36D1 /* gmock_main.cc */ = {isa = PBXFileReference; fileEncoding = 4; lastKnownFileType = sourcecode.cpp.cpp; path = gmock_main.cc; sourceTree = "<group>"; };
		ED07FABF24AADFE4006D36D1 /* gmock-matchers.cc */ = {isa = PBXFileReference; fileEncoding = 4; lastKnownFileType = sourcecode.cpp.cpp; path = "gmock-matchers.cc"; sourceTree = "<group>"; };
		ED07FAC024AADFE4006D36D1 /* gmock-all.cc */ = {isa = PBXFileReference; fileEncoding = 4; lastKnownFileType = sourcecode.cpp.cpp; path = "gmock-all.cc"; sourceTree = "<group>"; };
		ED07FAC124AADFE4006D36D1 /* gmock-spec-builders.cc */ = {isa = PBXFileReference; fileEncoding = 4; lastKnownFileType = sourcecode.cpp.cpp; path = "gmock-spec-builders.cc"; sourceTree = "<group>"; };
		ED07FAC224AADFE4006D36D1 /* gmock.cc */ = {isa = PBXFileReference; fileEncoding = 4; lastKnownFileType = sourcecode.cpp.cpp; path = gmock.cc; sourceTree = "<group>"; };
		ED07FAC324AADFE4006D36D1 /* .travis.yml */ = {isa = PBXFileReference; fileEncoding = 4; lastKnownFileType = text.yaml; path = .travis.yml; sourceTree = "<group>"; };
		ED07FC3724AAE15A006D36D1 /* itohex.c */ = {isa = PBXFileReference; lastKnownFileType = sourcecode.c.c; path = itohex.c; sourceTree = "<group>"; };
		ED07FC3924AAE178006D36D1 /* HALL.syx */ = {isa = PBXFileReference; fileEncoding = 4; lastKnownFileType = text; path = HALL.syx; sourceTree = "<group>"; };
		ED07FC3A24AAE178006D36D1 /* test1.syx */ = {isa = PBXFileReference; lastKnownFileType = file; path = test1.syx; sourceTree = "<group>"; };
		ED07FC3B24AAE178006D36D1 /* H9 Algorithms.csv */ = {isa = PBXFileReference; fileEncoding = 4; lastKnownFileType = text; path = "H9 Algorithms.csv"; sourceTree = "<group>"; };
		ED07FC3C24AAE178006D36D1 /* HRMDLO.syx */ = {isa = PBXFileReference; lastKnownFileType = file; path = HRMDLO.syx; sourceTree = "<group>"; };
		ED07FC6124AAEDE9006D36D1 /* h9_gtest */ = {isa = PBXFileReference; explicitFileType = "compiled.mach-o.executable"; includeInIndex = 0; path = h9_gtest; sourceTree = BUILT_PRODUCTS_DIR; };
		ED07FC7124AAEF0E006D36D1 /* h9_sysex_test.cpp */ = {isa = PBXFileReference; lastKnownFileType = sourcecode.cpp.cpp; path = h9_sysex_test.cpp; sourceTree = "<group>"; };
		ED07FC7624AAF437006D36D1 /* README.md */ = {isa = PBXFileReference; lastKnownFileType = net.daringfireball.markdown; path = README.md; sourceTree = "<group>"; };
		ED07FC7724AB8A52006D36D1 /* debug.h */ = {isa = PBXFileReference; lastKnownFileType = sourcecode.c.h; path = debug.h; sourceTree = "<group>"; };
		ED1CF0BF24ABE775003684BF /* h9_sysex.h */ = {isa = PBXFileReference; lastKnownFileType = sourcecode.c.h; path = h9_sysex.h; sourceTree = "<group>"; };
		ED1CF0C024ABE775003684BF /* h9_sysex.c */ = {isa = PBXFileReference; lastKnownFileType = sourcecode.c.c; path = h9_sysex.c; sourceTree = "<group>"; };
		ED1CF0C524AD611C003684BF /* h9_module.h */ = {isa = PBXFileReference; lastKnownFileType = sourcecode.c.h; path = h9_module.h; sourceTree = "<group>"; };
		ED1CF0C624AD6D9F003684BF /* h9_controls_test.cpp */ = {isa = PBXFileReference; lastKnownFileType = sourcecode.cpp.cpp; path = h9_controls_test.cpp; sourceTree = "<group>"; };
		ED1CF0C824AD6E54003684BF /* test_helpers.cpp */ = {isa = PBXFileReference; lastKnownFileType = sourcecode.cpp.cpp; path = test_helpers.cpp; sourceTree = "<group>"; };
		ED1CF0C924AD6E54003684BF /* test_helpers.hpp */ = {isa = PBXFileReference; lastKnownFileType = sourcecode.cpp.h; path = test_helpers.hpp; sourceTree = "<group>"; };
		ED1CF0CB24AD8778003684BF /* h9_preset_test.cpp */ = {isa = PBXFileReference; lastKnownFileType = sourcecode.cpp.cpp; path = h9_preset_test.cpp; sourceTree = "<group>"; };
		ED1CF0D624B5277C003684BF /* utils_test.cpp */ = {isa = PBXFileReference; lastKnownFileType = sourcecode.cpp.cpp; path = utils_test.cpp; sourceTree = "<group>"; };
		ED1CF0D824B56A53003684BF /* Device_Config1.syx */ = {isa = PBXFileReference; lastKnownFileType = file; path = Device_Config1.syx; sourceTree = "<group>"; };
		ED1CF0D924B56A53003684BF /* RESONATOR.syx */ = {isa = PBXFileReference; lastKnownFileType = file; path = RESONATOR.syx; sourceTree = "<group>"; };
		ED1CF0DA24B56A53003684BF /* MODECHOVERB.syx */ = {isa = PBXFileReference; lastKnownFileType = file; path = MODECHOVERB.syx; sourceTree = "<group>"; };
		ED1CF0DB24B56A53003684BF /* 1985 DAMAGE.syx */ = {isa = PBXFileReference; lastKnownFileType = file; path = "1985 DAMAGE.syx"; sourceTree = "<group>"; };
		ED74746724BFD4BF0051BD8C /* h9_midi_test.cpp */ = {isa = PBXFileReference; lastKnownFileType = sourcecode.cpp.cpp; path = h9_midi_test.cpp; sourceTree = "<group>"; };
/* End PBXFileReference section */

/* Begin PBXFrameworksBuildPhase section */
		ED07FC5E24AAEDE9006D36D1 /* Frameworks */ = {
			isa = PBXFrameworksBuildPhase;
			buildActionMask = 2147483647;
			files = (
			);
			runOnlyForDeploymentPostprocessing = 0;
		};
/* End PBXFrameworksBuildPhase section */

/* Begin PBXGroup section */
		089C166AFE841209C02AAC07 /* iterator */ = {
			isa = PBXGroup;
			children = (
				ED07FC7624AAF437006D36D1 /* README.md */,
				ED07FC4324AAE6A5006D36D1 /* build */,
				ED07F9A224AADFE2006D36D1 /* lib */,
				19C28FB4FE9D528D11CA2CBB /* Products */,
				ED07FC5C24AAEAAB006D36D1 /* test */,
				ED07FC3824AAE178006D36D1 /* test_data */,
				ED07F9A324AADFE2006D36D1 /* third_party */,
				ED07FC3624AAE102006D36D1 /* utils */,
			);
			name = iterator;
			sourceTree = "<group>";
		};
		19C28FB4FE9D528D11CA2CBB /* Products */ = {
			isa = PBXGroup;
			children = (
				ED07FC6124AAEDE9006D36D1 /* h9_gtest */,
			);
			name = Products;
			sourceTree = "<group>";
		};
		ED07F9A224AADFE2006D36D1 /* lib */ = {
			isa = PBXGroup;
			children = (
				ED07FC7724AB8A52006D36D1 /* debug.h */,
				ED1CF0C524AD611C003684BF /* h9_module.h */,
				ED07F99C24A98E73006D36D1 /* h9_modules.h */,
				ED1CF0C024ABE775003684BF /* h9_sysex.c */,
				ED1CF0BF24ABE775003684BF /* h9_sysex.h */,
				ED07F98A24A44193006D36D1 /* libh9.c */,
				ED07F98924A44193006D36D1 /* libh9.h */,
				ED07F99E24AA921F006D36D1 /* utils.c */,
				ED07F99D24AA921F006D36D1 /* utils.h */,
			);
			path = lib;
			sourceTree = "<group>";
		};
		ED07F9A324AADFE2006D36D1 /* third_party */ = {
			isa = PBXGroup;
			children = (
				ED07F9A424AADFE2006D36D1 /* googletest */,
			);
			path = third_party;
			sourceTree = "<group>";
		};
		ED07F9A424AADFE2006D36D1 /* googletest */ = {
			isa = PBXGroup;
			children = (
				ED07F9A524AADFE2006D36D1 /* CMakeLists.txt */,
				ED07F9A624AADFE2006D36D1 /* LICENSE */,
				ED07F9A724AADFE2006D36D1 /* ci */,
				ED07F9B224AADFE2006D36D1 /* WORKSPACE */,
				ED07F9B324AADFE2006D36D1 /* platformio.ini */,
				ED07F9B424AADFE2006D36D1 /* README.md */,
				ED07F9B524AADFE2006D36D1 /* appveyor.yml */,
				ED07F9B624AADFE2006D36D1 /* library.json */,
				ED07F9B724AADFE2006D36D1 /* .gitignore */,
				ED07F9B824AADFE2006D36D1 /* CONTRIBUTING.md */,
				ED07F9B924AADFE2006D36D1 /* .clang-format */,
				ED07F9BA24AADFE2006D36D1 /* googletest */,
				ED07FA6424AADFE3006D36D1 /* BUILD.bazel */,
				ED07FA6524AADFE3006D36D1 /* googlemock */,
				ED07FAC324AADFE4006D36D1 /* .travis.yml */,
			);
			path = googletest;
			sourceTree = "<group>";
		};
		ED07F9A724AADFE2006D36D1 /* ci */ = {
			isa = PBXGroup;
			children = (
				ED07F9A824AADFE2006D36D1 /* env-linux.sh */,
				ED07F9A924AADFE2006D36D1 /* env-osx.sh */,
				ED07F9AA24AADFE2006D36D1 /* build-platformio.sh */,
				ED07F9AB24AADFE2006D36D1 /* get-nprocessors.sh */,
				ED07F9AC24AADFE2006D36D1 /* travis.sh */,
				ED07F9AD24AADFE2006D36D1 /* install-osx.sh */,
				ED07F9AE24AADFE2006D36D1 /* install-platformio.sh */,
				ED07F9AF24AADFE2006D36D1 /* install-linux.sh */,
				ED07F9B024AADFE2006D36D1 /* build-linux-bazel.sh */,
				ED07F9B124AADFE2006D36D1 /* log-config.sh */,
			);
			path = ci;
			sourceTree = "<group>";
		};
		ED07F9BA24AADFE2006D36D1 /* googletest */ = {
			isa = PBXGroup;
			children = (
				ED07F9BB24AADFE2006D36D1 /* CMakeLists.txt */,
				ED07F9BC24AADFE2006D36D1 /* LICENSE */,
				ED07F9BD24AADFE2006D36D1 /* test */,
				ED07FA1024AADFE2006D36D1 /* cmake */,
				ED07FA1624AADFE2006D36D1 /* include */,
				ED07FA3124AADFE3006D36D1 /* docs */,
				ED07FA3724AADFE3006D36D1 /* CONTRIBUTORS */,
				ED07FA3824AADFE3006D36D1 /* README.md */,
				ED07FA3924AADFE3006D36D1 /* samples */,
				ED07FA4C24AADFE3006D36D1 /* scripts */,
				ED07FA5824AADFE3006D36D1 /* src */,
			);
			path = googletest;
			sourceTree = "<group>";
		};
		ED07F9BD24AADFE2006D36D1 /* test */ = {
			isa = PBXGroup;
			children = (
				ED07F9BE24AADFE2006D36D1 /* googletest-message-test.cc */,
				ED07F9BF24AADFE2006D36D1 /* googletest-output-test_.cc */,
				ED07F9C024AADFE2006D36D1 /* gtest_pred_impl_unittest.cc */,
				ED07F9C124AADFE2006D36D1 /* gtest_skip_in_environment_setup_test.cc */,
				ED07F9C224AADFE2006D36D1 /* gtest_xml_output_unittest.py */,
				ED07F9C324AADFE2006D36D1 /* googletest-param-test-test.h */,
				ED07F9C424AADFE2006D36D1 /* googletest-test-part-test.cc */,
				ED07F9C524AADFE2006D36D1 /* gtest_assert_by_exception_test.cc */,
				ED07F9C624AADFE2006D36D1 /* gtest_testbridge_test_.cc */,
				ED07F9C724AADFE2006D36D1 /* gtest_main_unittest.cc */,
				ED07F9C824AADFE2006D36D1 /* googletest-listener-test.cc */,
				ED07F9C924AADFE2006D36D1 /* gtest_environment_test.cc */,
				ED07F9CA24AADFE2006D36D1 /* gtest_xml_output_unittest_.cc */,
				ED07F9CB24AADFE2006D36D1 /* googletest-output-test.py */,
				ED07F9CC24AADFE2006D36D1 /* googletest-throw-on-failure-test_.cc */,
				ED07F9CD24AADFE2006D36D1 /* googletest-filter-unittest_.cc */,
				ED07F9CE24AADFE2006D36D1 /* googletest-death-test-test.cc */,
				ED07F9CF24AADFE2006D36D1 /* googletest-failfast-unittest_.cc */,
				ED07F9D024AADFE2006D36D1 /* gtest_stress_test.cc */,
				ED07F9D124AADFE2006D36D1 /* googletest-uninitialized-test_.cc */,
				ED07F9D224AADFE2006D36D1 /* production.cc */,
				ED07F9D324AADFE2006D36D1 /* googletest-param-test-invalid-name1-test.py */,
				ED07F9D424AADFE2006D36D1 /* gtest_xml_outfile1_test_.cc */,
				ED07F9D524AADFE2006D36D1 /* gtest_help_test.py */,
				ED07F9D624AADFE2006D36D1 /* gtest_prod_test.cc */,
				ED07F9D724AADFE2006D36D1 /* googletest-env-var-test_.cc */,
				ED07F9D824AADFE2006D36D1 /* gtest-unittest-api_test.cc */,
				ED07F9D924AADFE2006D36D1 /* gtest_test_utils.py */,
				ED07F9DA24AADFE2006D36D1 /* gtest_repeat_test.cc */,
				ED07F9DB24AADFE2006D36D1 /* googletest-setuptestsuite-test_.cc */,
				ED07F9DC24AADFE2006D36D1 /* gtest_json_test_utils.py */,
				ED07F9DD24AADFE2006D36D1 /* googletest-param-test-invalid-name2-test.py */,
				ED07F9DE24AADFE2006D36D1 /* gtest_all_test.cc */,
				ED07F9DF24AADFE2006D36D1 /* googletest-json-output-unittest.py */,
				ED07F9E024AADFE2006D36D1 /* googletest-break-on-failure-unittest.py */,
				ED07F9E124AADFE2006D36D1 /* googletest-param-test-invalid-name1-test_.cc */,
				ED07F9E224AADFE2006D36D1 /* googletest-catch-exceptions-test_.cc */,
				ED07F9E324AADFE2006D36D1 /* googletest-break-on-failure-unittest_.cc */,
				ED07F9E424AADFE2006D36D1 /* googletest-setuptestsuite-test.py */,
				ED07F9E524AADFE2006D36D1 /* googletest-shuffle-test_.cc */,
				ED07F9E624AADFE2006D36D1 /* gtest_premature_exit_test.cc */,
				ED07F9E724AADFE2006D36D1 /* googletest-list-tests-unittest.py */,
				ED07F9E824AADFE2006D36D1 /* gtest_xml_outfile2_test_.cc */,
				ED07F9E924AADFE2006D36D1 /* googletest-env-var-test.py */,
				ED07F9EA24AADFE2006D36D1 /* gtest_test_macro_stack_footprint_test.cc */,
				ED07F9EB24AADFE2006D36D1 /* googletest-list-tests-unittest_.cc */,
				ED07F9EC24AADFE2006D36D1 /* googletest-port-test.cc */,
				ED07F9ED24AADFE2006D36D1 /* gtest_list_output_unittest_.cc */,
				ED07F9EE24AADFE2006D36D1 /* gtest_skip_test.cc */,
				ED07F9EF24AADFE2006D36D1 /* gtest_no_test_unittest.cc */,
				ED07F9F024AADFE2006D36D1 /* gtest_xml_outfiles_test.py */,
				ED07F9F124AADFE2006D36D1 /* gtest-typed-test_test.h */,
				ED07F9F224AADFE2006D36D1 /* gtest_help_test_.cc */,
				ED07F9F324AADFE2006D36D1 /* googletest-output-test-golden-lin.txt */,
				ED07F9F424AADFE2006D36D1 /* gtest_list_output_unittest.py */,
				ED07F9F524AADFE2006D36D1 /* googletest-filepath-test.cc */,
				ED07F9F624AADFE2006D36D1 /* googletest-param-test-test.cc */,
				ED07F9F724AADFE2006D36D1 /* googletest-printers-test.cc */,
				ED07F9F824AADFE2006D36D1 /* BUILD.bazel */,
				ED07F9F924AADFE2006D36D1 /* gtest_xml_test_utils.py */,
				ED07F9FA24AADFE2006D36D1 /* googletest-param-test2-test.cc */,
				ED07F9FB24AADFE2006D36D1 /* production.h */,
				ED07F9FC24AADFE2006D36D1 /* googletest-color-test.py */,
				ED07F9FD24AADFE2006D36D1 /* googletest-filter-unittest.py */,
				ED07F9FE24AADFE2006D36D1 /* googletest-param-test-invalid-name2-test_.cc */,
				ED07F9FF24AADFE2006D36D1 /* gtest_skip_check_output_test.py */,
				ED07FA0024AADFE2006D36D1 /* gtest_testbridge_test.py */,
				ED07FA0124AADFE2006D36D1 /* gtest_unittest.cc */,
				ED07FA0224AADFE2006D36D1 /* googletest-throw-on-failure-test.py */,
				ED07FA0324AADFE2006D36D1 /* googletest-shuffle-test.py */,
				ED07FA0424AADFE2006D36D1 /* gtest_sole_header_test.cc */,
				ED07FA0524AADFE2006D36D1 /* googletest-uninitialized-test.py */,
				ED07FA0624AADFE2006D36D1 /* googletest-color-test_.cc */,
				ED07FA0724AADFE2006D36D1 /* googletest-catch-exceptions-test.py */,
				ED07FA0824AADFE2006D36D1 /* googletest-death-test_ex_test.cc */,
				ED07FA0924AADFE2006D36D1 /* googletest-json-outfiles-test.py */,
				ED07FA0A24AADFE2006D36D1 /* gtest_skip_environment_check_output_test.py */,
				ED07FA0B24AADFE2006D36D1 /* gtest-typed-test2_test.cc */,
				ED07FA0C24AADFE2006D36D1 /* gtest-typed-test_test.cc */,
				ED07FA0D24AADFE2006D36D1 /* googletest-failfast-unittest.py */,
				ED07FA0E24AADFE2006D36D1 /* googletest-options-test.cc */,
				ED07FA0F24AADFE2006D36D1 /* gtest_throw_on_failure_ex_test.cc */,
			);
			path = test;
			sourceTree = "<group>";
		};
		ED07FA1024AADFE2006D36D1 /* cmake */ = {
			isa = PBXGroup;
			children = (
				ED07FA1124AADFE2006D36D1 /* internal_utils.cmake */,
				ED07FA1224AADFE2006D36D1 /* gtest.pc.in */,
				ED07FA1324AADFE2006D36D1 /* gtest_main.pc.in */,
				ED07FA1424AADFE2006D36D1 /* Config.cmake.in */,
				ED07FA1524AADFE2006D36D1 /* libgtest.la.in */,
			);
			path = cmake;
			sourceTree = "<group>";
		};
		ED07FA1624AADFE2006D36D1 /* include */ = {
			isa = PBXGroup;
			children = (
				ED07FA1724AADFE2006D36D1 /* gtest */,
			);
			path = include;
			sourceTree = "<group>";
		};
		ED07FA1724AADFE2006D36D1 /* gtest */ = {
			isa = PBXGroup;
			children = (
				ED07FA1824AADFE2006D36D1 /* gtest-matchers.h */,
				ED07FA1924AADFE2006D36D1 /* gtest-death-test.h */,
				ED07FA1A24AADFE2006D36D1 /* gtest-spi.h */,
				ED07FA1B24AADFE2006D36D1 /* internal */,
				ED07FA2924AADFE3006D36D1 /* gtest-message.h */,
				ED07FA2A24AADFE3006D36D1 /* gtest-param-test.h */,
				ED07FA2B24AADFE3006D36D1 /* gtest-typed-test.h */,
				ED07FA2C24AADFE3006D36D1 /* gtest_pred_impl.h */,
				ED07FA2D24AADFE3006D36D1 /* gtest_prod.h */,
				ED07FA2E24AADFE3006D36D1 /* gtest-test-part.h */,
				ED07FA2F24AADFE3006D36D1 /* gtest.h */,
				ED07FA3024AADFE3006D36D1 /* gtest-printers.h */,
			);
			path = gtest;
			sourceTree = "<group>";
		};
		ED07FA1B24AADFE2006D36D1 /* internal */ = {
			isa = PBXGroup;
			children = (
				ED07FA1C24AADFE2006D36D1 /* gtest-string.h */,
				ED07FA1D24AADFE3006D36D1 /* gtest-death-test-internal.h */,
				ED07FA1E24AADFE3006D36D1 /* gtest-port.h */,
				ED07FA1F24AADFE3006D36D1 /* gtest-port-arch.h */,
				ED07FA2024AADFE3006D36D1 /* gtest-internal.h */,
				ED07FA2124AADFE3006D36D1 /* gtest-param-util.h */,
				ED07FA2224AADFE3006D36D1 /* gtest-type-util.h */,
				ED07FA2324AADFE3006D36D1 /* gtest-filepath.h */,
				ED07FA2424AADFE3006D36D1 /* custom */,
			);
			path = internal;
			sourceTree = "<group>";
		};
		ED07FA2424AADFE3006D36D1 /* custom */ = {
			isa = PBXGroup;
			children = (
				ED07FA2524AADFE3006D36D1 /* gtest-port.h */,
				ED07FA2624AADFE3006D36D1 /* README.md */,
				ED07FA2724AADFE3006D36D1 /* gtest.h */,
				ED07FA2824AADFE3006D36D1 /* gtest-printers.h */,
			);
			path = custom;
			sourceTree = "<group>";
		};
		ED07FA3124AADFE3006D36D1 /* docs */ = {
			isa = PBXGroup;
			children = (
				ED07FA3224AADFE3006D36D1 /* samples.md */,
				ED07FA3324AADFE3006D36D1 /* faq.md */,
				ED07FA3424AADFE3006D36D1 /* primer.md */,
				ED07FA3524AADFE3006D36D1 /* advanced.md */,
				ED07FA3624AADFE3006D36D1 /* pkgconfig.md */,
			);
			path = docs;
			sourceTree = "<group>";
		};
		ED07FA3924AADFE3006D36D1 /* samples */ = {
			isa = PBXGroup;
			children = (
				ED07FA3A24AADFE3006D36D1 /* sample6_unittest.cc */,
				ED07FA3B24AADFE3006D36D1 /* sample3_unittest.cc */,
				ED07FA3C24AADFE3006D36D1 /* sample4.h */,
				ED07FA3D24AADFE3006D36D1 /* sample9_unittest.cc */,
				ED07FA3E24AADFE3006D36D1 /* sample10_unittest.cc */,
				ED07FA3F24AADFE3006D36D1 /* sample5_unittest.cc */,
				ED07FA4024AADFE3006D36D1 /* sample2.cc */,
				ED07FA4124AADFE3006D36D1 /* prime_tables.h */,
				ED07FA4224AADFE3006D36D1 /* sample3-inl.h */,
				ED07FA4324AADFE3006D36D1 /* sample1.cc */,
				ED07FA4424AADFE3006D36D1 /* sample2_unittest.cc */,
				ED07FA4524AADFE3006D36D1 /* sample7_unittest.cc */,
				ED07FA4624AADFE3006D36D1 /* sample2.h */,
				ED07FA4724AADFE3006D36D1 /* sample4.cc */,
				ED07FA4824AADFE3006D36D1 /* sample4_unittest.cc */,
				ED07FA4924AADFE3006D36D1 /* sample1_unittest.cc */,
				ED07FA4A24AADFE3006D36D1 /* sample1.h */,
				ED07FA4B24AADFE3006D36D1 /* sample8_unittest.cc */,
			);
			path = samples;
			sourceTree = "<group>";
		};
		ED07FA4C24AADFE3006D36D1 /* scripts */ = {
			isa = PBXGroup;
			children = (
				ED07FA4D24AADFE3006D36D1 /* release_docs.py */,
				ED07FA4E24AADFE3006D36D1 /* test */,
				ED07FA5024AADFE3006D36D1 /* upload.py */,
				ED07FA5124AADFE3006D36D1 /* run_with_path.py */,
				ED07FA5224AADFE3006D36D1 /* fuse_gtest_files.py */,
				ED07FA5324AADFE3006D36D1 /* gtest-config.in */,
				ED07FA5424AADFE3006D36D1 /* README.md */,
				ED07FA5524AADFE3006D36D1 /* gen_gtest_pred_impl.py */,
				ED07FA5624AADFE3006D36D1 /* common.py */,
				ED07FA5724AADFE3006D36D1 /* upload_gtest.py */,
			);
			path = scripts;
			sourceTree = "<group>";
		};
		ED07FA4E24AADFE3006D36D1 /* test */ = {
			isa = PBXGroup;
			children = (
				ED07FA4F24AADFE3006D36D1 /* Makefile */,
			);
			path = test;
			sourceTree = "<group>";
		};
		ED07FA5824AADFE3006D36D1 /* src */ = {
			isa = PBXGroup;
			children = (
				ED07FA5924AADFE3006D36D1 /* gtest-test-part.cc */,
				ED07FA5A24AADFE3006D36D1 /* gtest.cc */,
				ED07FA5B24AADFE3006D36D1 /* gtest_main.cc */,
				ED07FA5C24AADFE3006D36D1 /* gtest-internal-inl.h */,
				ED07FA5D24AADFE3006D36D1 /* gtest-death-test.cc */,
				ED07FA5E24AADFE3006D36D1 /* gtest-port.cc */,
				ED07FA5F24AADFE3006D36D1 /* gtest-printers.cc */,
				ED07FA6024AADFE3006D36D1 /* gtest-typed-test.cc */,
				ED07FA6124AADFE3006D36D1 /* gtest-all.cc */,
				ED07FA6224AADFE3006D36D1 /* gtest-filepath.cc */,
				ED07FA6324AADFE3006D36D1 /* gtest-matchers.cc */,
			);
			path = src;
			sourceTree = "<group>";
		};
		ED07FA6524AADFE3006D36D1 /* googlemock */ = {
			isa = PBXGroup;
			children = (
				ED07FA6624AADFE3006D36D1 /* CMakeLists.txt */,
				ED07FA6724AADFE3006D36D1 /* LICENSE */,
				ED07FA6824AADFE3006D36D1 /* test */,
				ED07FA8724AADFE3006D36D1 /* cmake */,
				ED07FA8A24AADFE3006D36D1 /* include */,
				ED07FAA124AADFE3006D36D1 /* docs */,
				ED07FAA824AADFE3006D36D1 /* CONTRIBUTORS */,
				ED07FAA924AADFE3006D36D1 /* README.md */,
				ED07FAAA24AADFE3006D36D1 /* scripts */,
				ED07FABB24AADFE4006D36D1 /* src */,
			);
			path = googlemock;
			sourceTree = "<group>";
		};
		ED07FA6824AADFE3006D36D1 /* test */ = {
			isa = PBXGroup;
			children = (
				ED07FA6924AADFE3006D36D1 /* gmock_leak_test.py */,
				ED07FA6A24AADFE3006D36D1 /* gmock_all_test.cc */,
				ED07FA6B24AADFE3006D36D1 /* gmock_output_test_.cc */,
				ED07FA6C24AADFE3006D36D1 /* gmock-port_test.cc */,
				ED07FA6D24AADFE3006D36D1 /* gmock_test.cc */,
				ED07FA6E24AADFE3006D36D1 /* gmock-nice-strict_test.cc */,
				ED07FA6F24AADFE3006D36D1 /* gmock-spec-builders_test.cc */,
				ED07FA7024AADFE3006D36D1 /* gmock_output_test_golden.txt */,
				ED07FA7124AADFE3006D36D1 /* gmock_link2_test.cc */,
				ED07FA7224AADFE3006D36D1 /* gmock_link_test.cc */,
				ED07FA7324AADFE3006D36D1 /* gmock_leak_test_.cc */,
				ED07FA7424AADFE3006D36D1 /* gmock-generated-actions_test.cc */,
				ED07FA7524AADFE3006D36D1 /* gmock_ex_test.cc */,
				ED07FA7624AADFE3006D36D1 /* gmock-pp_test.cc */,
				ED07FA7724AADFE3006D36D1 /* gmock-internal-utils_test.cc */,
				ED07FA7824AADFE3006D36D1 /* gmock-function-mocker_nc_test.py */,
				ED07FA7924AADFE3006D36D1 /* gmock_stress_test.cc */,
				ED07FA7A24AADFE3006D36D1 /* gmock-more-actions_test.cc */,
				ED07FA7B24AADFE3006D36D1 /* gmock-generated-matchers_test.cc */,
				ED07FA7C24AADFE3006D36D1 /* gmock-pp-string_test.cc */,
				ED07FA7D24AADFE3006D36D1 /* gmock-actions_test.cc */,
				ED07FA7E24AADFE3006D36D1 /* gmock-cardinalities_test.cc */,
				ED07FA7F24AADFE3006D36D1 /* BUILD.bazel */,
				ED07FA8024AADFE3006D36D1 /* gmock_test_utils.py */,
				ED07FA8124AADFE3006D36D1 /* gmock-function-mocker_test.cc */,
				ED07FA8224AADFE3006D36D1 /* gmock-matchers_test.cc */,
				ED07FA8324AADFE3006D36D1 /* pump_test.py */,
				ED07FA8424AADFE3006D36D1 /* gmock-function-mocker_nc.cc */,
				ED07FA8524AADFE3006D36D1 /* gmock_output_test.py */,
				ED07FA8624AADFE3006D36D1 /* gmock_link_test.h */,
			);
			path = test;
			sourceTree = "<group>";
		};
		ED07FA8724AADFE3006D36D1 /* cmake */ = {
			isa = PBXGroup;
			children = (
				ED07FA8824AADFE3006D36D1 /* gmock_main.pc.in */,
				ED07FA8924AADFE3006D36D1 /* gmock.pc.in */,
			);
			path = cmake;
			sourceTree = "<group>";
		};
		ED07FA8A24AADFE3006D36D1 /* include */ = {
			isa = PBXGroup;
			children = (
				ED07FA8B24AADFE3006D36D1 /* gmock */,
			);
			path = include;
			sourceTree = "<group>";
		};
		ED07FA8B24AADFE3006D36D1 /* gmock */ = {
			isa = PBXGroup;
			children = (
				ED07FA8C24AADFE3006D36D1 /* gmock-generated-actions.h.pump */,
				ED07FA8D24AADFE3006D36D1 /* gmock-matchers.h */,
				ED07FA8E24AADFE3006D36D1 /* gmock-more-actions.h */,
				ED07FA8F24AADFE3006D36D1 /* gmock-generated-actions.h */,
				ED07FA9024AADFE3006D36D1 /* internal */,
				ED07FA9A24AADFE3006D36D1 /* gmock-function-mocker.h */,
				ED07FA9B24AADFE3006D36D1 /* gmock-more-matchers.h */,
				ED07FA9C24AADFE3006D36D1 /* gmock-cardinalities.h */,
				ED07FA9D24AADFE3006D36D1 /* gmock-spec-builders.h */,
				ED07FA9E24AADFE3006D36D1 /* gmock-nice-strict.h */,
				ED07FA9F24AADFE3006D36D1 /* gmock.h */,
				ED07FAA024AADFE3006D36D1 /* gmock-actions.h */,
			);
			path = gmock;
			sourceTree = "<group>";
		};
		ED07FA9024AADFE3006D36D1 /* internal */ = {
			isa = PBXGroup;
			children = (
				ED07FA9124AADFE3006D36D1 /* gmock-port.h */,
				ED07FA9224AADFE3006D36D1 /* gmock-internal-utils.h */,
				ED07FA9324AADFE3006D36D1 /* gmock-pp.h */,
				ED07FA9424AADFE3006D36D1 /* custom */,
			);
			path = internal;
			sourceTree = "<group>";
		};
		ED07FA9424AADFE3006D36D1 /* custom */ = {
			isa = PBXGroup;
			children = (
				ED07FA9524AADFE3006D36D1 /* gmock-generated-actions.h.pump */,
				ED07FA9624AADFE3006D36D1 /* gmock-port.h */,
				ED07FA9724AADFE3006D36D1 /* gmock-matchers.h */,
				ED07FA9824AADFE3006D36D1 /* gmock-generated-actions.h */,
				ED07FA9924AADFE3006D36D1 /* README.md */,
			);
			path = custom;
			sourceTree = "<group>";
		};
		ED07FAA124AADFE3006D36D1 /* docs */ = {
			isa = PBXGroup;
			children = (
				ED07FAA224AADFE3006D36D1 /* cook_book.md */,
				ED07FAA324AADFE3006D36D1 /* for_dummies.md */,
				ED07FAA424AADFE3006D36D1 /* pump_manual.md */,
				ED07FAA524AADFE3006D36D1 /* cheat_sheet.md */,
				ED07FAA624AADFE3006D36D1 /* gmock_faq.md */,
				ED07FAA724AADFE3006D36D1 /* community_created_documentation.md */,
			);
			path = docs;
			sourceTree = "<group>";
		};
		ED07FAAA24AADFE3006D36D1 /* scripts */ = {
			isa = PBXGroup;
			children = (
				ED07FAAB24AADFE3006D36D1 /* pump.py */,
				ED07FAAC24AADFE3006D36D1 /* README.md */,
				ED07FAAD24AADFE3006D36D1 /* generator */,
				ED07FABA24AADFE4006D36D1 /* fuse_gmock_files.py */,
			);
			path = scripts;
			sourceTree = "<group>";
		};
		ED07FAAD24AADFE3006D36D1 /* generator */ = {
			isa = PBXGroup;
			children = (
				ED07FAAE24AADFE3006D36D1 /* LICENSE */,
				ED07FAAF24AADFE4006D36D1 /* README */,
				ED07FAB024AADFE4006D36D1 /* cpp */,
				ED07FAB824AADFE4006D36D1 /* README.cppclean */,
				ED07FAB924AADFE4006D36D1 /* gmock_gen.py */,
			);
			path = generator;
			sourceTree = "<group>";
		};
		ED07FAB024AADFE4006D36D1 /* cpp */ = {
			isa = PBXGroup;
			children = (
				ED07FAB124AADFE4006D36D1 /* gmock_class.py */,
				ED07FAB224AADFE4006D36D1 /* keywords.py */,
				ED07FAB324AADFE4006D36D1 /* __init__.py */,
				ED07FAB424AADFE4006D36D1 /* utils.py */,
				ED07FAB524AADFE4006D36D1 /* ast.py */,
				ED07FAB624AADFE4006D36D1 /* tokenize.py */,
				ED07FAB724AADFE4006D36D1 /* gmock_class_test.py */,
			);
			path = cpp;
			sourceTree = "<group>";
		};
		ED07FABB24AADFE4006D36D1 /* src */ = {
			isa = PBXGroup;
			children = (
				ED07FABC24AADFE4006D36D1 /* gmock-internal-utils.cc */,
				ED07FABD24AADFE4006D36D1 /* gmock-cardinalities.cc */,
				ED07FABE24AADFE4006D36D1 /* gmock_main.cc */,
				ED07FABF24AADFE4006D36D1 /* gmock-matchers.cc */,
				ED07FAC024AADFE4006D36D1 /* gmock-all.cc */,
				ED07FAC124AADFE4006D36D1 /* gmock-spec-builders.cc */,
				ED07FAC224AADFE4006D36D1 /* gmock.cc */,
			);
			path = src;
			sourceTree = "<group>";
		};
		ED07FC3624AAE102006D36D1 /* utils */ = {
			isa = PBXGroup;
			children = (
				ED07FC3724AAE15A006D36D1 /* itohex.c */,
			);
			path = utils;
			sourceTree = "<group>";
		};
		ED07FC3824AAE178006D36D1 /* test_data */ = {
			isa = PBXGroup;
			children = (
				ED1CF0DB24B56A53003684BF /* 1985 DAMAGE.syx */,
				ED1CF0D824B56A53003684BF /* Device_Config1.syx */,
				ED1CF0DA24B56A53003684BF /* MODECHOVERB.syx */,
				ED1CF0D924B56A53003684BF /* RESONATOR.syx */,
				ED07FC3924AAE178006D36D1 /* HALL.syx */,
				ED07FC3A24AAE178006D36D1 /* test1.syx */,
				ED07FC3B24AAE178006D36D1 /* H9 Algorithms.csv */,
				ED07FC3C24AAE178006D36D1 /* HRMDLO.syx */,
			);
			path = test_data;
			sourceTree = "<group>";
		};
		ED07FC4324AAE6A5006D36D1 /* build */ = {
			isa = PBXGroup;
			children = (
			);
			path = build;
			sourceTree = "<group>";
		};
		ED07FC5C24AAEAAB006D36D1 /* test */ = {
			isa = PBXGroup;
			children = (
				ED07FC7124AAEF0E006D36D1 /* h9_sysex_test.cpp */,
				ED1CF0C624AD6D9F003684BF /* h9_controls_test.cpp */,
				ED1CF0C824AD6E54003684BF /* test_helpers.cpp */,
				ED1CF0C924AD6E54003684BF /* test_helpers.hpp */,
				ED1CF0CB24AD8778003684BF /* h9_preset_test.cpp */,
				ED1CF0D624B5277C003684BF /* utils_test.cpp */,
				ED74746724BFD4BF0051BD8C /* h9_midi_test.cpp */,
			);
			path = test;
			sourceTree = "<group>";
		};
/* End PBXGroup section */

/* Begin PBXNativeTarget section */
		ED07FC6024AAEDE9006D36D1 /* h9_gtest */ = {
			isa = PBXNativeTarget;
			buildConfigurationList = ED07FC6524AAEDE9006D36D1 /* Build configuration list for PBXNativeTarget "h9_gtest" */;
			buildPhases = (
				ED07FC5D24AAEDE9006D36D1 /* Sources */,
				ED07FC5E24AAEDE9006D36D1 /* Frameworks */,
				ED07FC5F24AAEDE9006D36D1 /* CopyFiles */,
			);
			buildRules = (
			);
			dependencies = (
			);
			name = h9_gtest;
			productName = h9_gtest;
			productReference = ED07FC6124AAEDE9006D36D1 /* h9_gtest */;
			productType = "com.apple.product-type.tool";
		};
/* End PBXNativeTarget section */

/* Begin PBXProject section */
		089C1669FE841209C02AAC07 /* Project object */ = {
			isa = PBXProject;
			attributes = {
				LastUpgradeCheck = 1150;
				TargetAttributes = {
					ED07FC6024AAEDE9006D36D1 = {
						CreatedOnToolsVersion = 11.5;
					};
				};
			};
			buildConfigurationList = 2FBBEACF08F335010078DB84 /* Build configuration list for PBXProject "h9" */;
			compatibilityVersion = "Xcode 10.0";
			developmentRegion = en;
			hasScannedForEncodings = 1;
			knownRegions = (
				en,
				Base,
			);
			mainGroup = 089C166AFE841209C02AAC07 /* iterator */;
			projectDirPath = "";
			projectRoot = "";
			targets = (
				ED07FC6024AAEDE9006D36D1 /* h9_gtest */,
			);
		};
/* End PBXProject section */

/* Begin PBXSourcesBuildPhase section */
		ED07FC5D24AAEDE9006D36D1 /* Sources */ = {
			isa = PBXSourcesBuildPhase;
			buildActionMask = 2147483647;
			files = (
				ED1CF0CA24AD6E54003684BF /* test_helpers.cpp in Sources */,
				ED07FC6F24AAEEBB006D36D1 /* gtest-matchers.cc in Sources */,
				ED07FC7024AAEED4006D36D1 /* gtest-test-part.cc in Sources */,
				ED74746824BFD4BF0051BD8C /* h9_midi_test.cpp in Sources */,
				ED1CF0C724AD6D9F003684BF /* h9_controls_test.cpp in Sources */,
				ED07FC7324AAF218006D36D1 /* libh9.c in Sources */,
				ED1CF0CC24AD8778003684BF /* h9_preset_test.cpp in Sources */,
				ED07FC6D24AAEEBB006D36D1 /* gtest-typed-test.cc in Sources */,
				ED07FC6E24AAEEBB006D36D1 /* gtest-filepath.cc in Sources */,
				ED07FC6924AAEE1A006D36D1 /* gtest_main.cc in Sources */,
				ED07FC6A24AAEE8E006D36D1 /* gtest-death-test.cc in Sources */,
				ED07FC6B24AAEEBB006D36D1 /* gtest-port.cc in Sources */,
				ED07FC6824AAEE1A006D36D1 /* gtest.cc in Sources */,
				ED1CF0D724B5277C003684BF /* utils_test.cpp in Sources */,
				ED1CF0C224ABE775003684BF /* h9_sysex.c in Sources */,
				ED07FC7424AAF21E006D36D1 /* utils.c in Sources */,
				ED07FC6C24AAEEBB006D36D1 /* gtest-printers.cc in Sources */,
				ED07FC7224AAEF0E006D36D1 /* h9_sysex_test.cpp in Sources */,
			);
			runOnlyForDeploymentPostprocessing = 0;
		};
/* End PBXSourcesBuildPhase section */

/* Begin XCBuildConfiguration section */
		2FBBEAD008F335010078DB84 /* Development */ = {
			isa = XCBuildConfiguration;
			buildSettings = {
				ALWAYS_SEARCH_USER_PATHS = NO;
				APPLY_RULES_IN_COPY_FILES = NO;
				CLANG_ANALYZER_LOCALIZABILITY_NONLOCALIZED = YES;
				CLANG_WARN_BLOCK_CAPTURE_AUTORELEASING = YES;
				CLANG_WARN_BOOL_CONVERSION = YES;
				CLANG_WARN_COMMA = YES;
				CLANG_WARN_CONSTANT_CONVERSION = YES;
				CLANG_WARN_DEPRECATED_OBJC_IMPLEMENTATIONS = YES;
				CLANG_WARN_EMPTY_BODY = YES;
				CLANG_WARN_ENUM_CONVERSION = YES;
				CLANG_WARN_INFINITE_RECURSION = YES;
				CLANG_WARN_INT_CONVERSION = YES;
				CLANG_WARN_NON_LITERAL_NULL_CONVERSION = YES;
				CLANG_WARN_OBJC_IMPLICIT_RETAIN_SELF = YES;
				CLANG_WARN_OBJC_LITERAL_CONVERSION = YES;
				CLANG_WARN_RANGE_LOOP_ANALYSIS = YES;
				CLANG_WARN_STRICT_PROTOTYPES = YES;
				CLANG_WARN_SUSPICIOUS_MOVE = YES;
				CLANG_WARN_UNREACHABLE_CODE = YES;
				CLANG_WARN__DUPLICATE_METHOD_MATCH = YES;
				ENABLE_STRICT_OBJC_MSGSEND = YES;
				ENABLE_TESTABILITY = YES;
				GCC_NO_COMMON_BLOCKS = YES;
				GCC_WARN_64_TO_32_BIT_CONVERSION = YES;
				GCC_WARN_ABOUT_RETURN_TYPE = YES;
				GCC_WARN_UNDECLARED_SELECTOR = YES;
				GCC_WARN_UNINITIALIZED_AUTOS = YES;
				GCC_WARN_UNUSED_FUNCTION = YES;
				GCC_WARN_UNUSED_VARIABLE = YES;
				HEADER_SEARCH_PATHS = "";
				MACOSX_DEPLOYMENT_TARGET = 10.7;
				ONLY_ACTIVE_ARCH = YES;
				VALID_ARCHS = x86_64;
			};
			name = Development;
		};
		2FBBEAD108F335010078DB84 /* Deployment */ = {
			isa = XCBuildConfiguration;
			buildSettings = {
				ALWAYS_SEARCH_USER_PATHS = NO;
				APPLY_RULES_IN_COPY_FILES = NO;
				CLANG_ANALYZER_LOCALIZABILITY_NONLOCALIZED = YES;
				CLANG_WARN_BLOCK_CAPTURE_AUTORELEASING = YES;
				CLANG_WARN_BOOL_CONVERSION = YES;
				CLANG_WARN_COMMA = YES;
				CLANG_WARN_CONSTANT_CONVERSION = YES;
				CLANG_WARN_DEPRECATED_OBJC_IMPLEMENTATIONS = YES;
				CLANG_WARN_EMPTY_BODY = YES;
				CLANG_WARN_ENUM_CONVERSION = YES;
				CLANG_WARN_INFINITE_RECURSION = YES;
				CLANG_WARN_INT_CONVERSION = YES;
				CLANG_WARN_NON_LITERAL_NULL_CONVERSION = YES;
				CLANG_WARN_OBJC_IMPLICIT_RETAIN_SELF = YES;
				CLANG_WARN_OBJC_LITERAL_CONVERSION = YES;
				CLANG_WARN_RANGE_LOOP_ANALYSIS = YES;
				CLANG_WARN_STRICT_PROTOTYPES = YES;
				CLANG_WARN_SUSPICIOUS_MOVE = YES;
				CLANG_WARN_UNREACHABLE_CODE = YES;
				CLANG_WARN__DUPLICATE_METHOD_MATCH = YES;
				ENABLE_STRICT_OBJC_MSGSEND = YES;
				GCC_NO_COMMON_BLOCKS = YES;
				GCC_WARN_64_TO_32_BIT_CONVERSION = YES;
				GCC_WARN_ABOUT_RETURN_TYPE = YES;
				GCC_WARN_UNDECLARED_SELECTOR = YES;
				GCC_WARN_UNINITIALIZED_AUTOS = YES;
				GCC_WARN_UNUSED_FUNCTION = YES;
				GCC_WARN_UNUSED_VARIABLE = YES;
				HEADER_SEARCH_PATHS = "";
				MACOSX_DEPLOYMENT_TARGET = 10.7;
				VALID_ARCHS = x86_64;
			};
			name = Deployment;
		};
		ED07FC6624AAEDE9006D36D1 /* Development */ = {
			isa = XCBuildConfiguration;
			buildSettings = {
				ALWAYS_SEARCH_USER_PATHS = NO;
				CLANG_ANALYZER_NONNULL = YES;
				CLANG_ANALYZER_NUMBER_OBJECT_CONVERSION = YES_AGGRESSIVE;
				CLANG_CXX_LANGUAGE_STANDARD = "gnu++14";
				CLANG_CXX_LIBRARY = "libc++";
				CLANG_ENABLE_MODULES = YES;
				CLANG_ENABLE_OBJC_ARC = YES;
				CLANG_ENABLE_OBJC_WEAK = YES;
				CLANG_WARN_BLOCK_CAPTURE_AUTORELEASING = YES;
				CLANG_WARN_BOOL_CONVERSION = YES;
				CLANG_WARN_COMMA = YES;
				CLANG_WARN_CONSTANT_CONVERSION = YES;
				CLANG_WARN_DEPRECATED_OBJC_IMPLEMENTATIONS = YES;
				CLANG_WARN_DIRECT_OBJC_ISA_USAGE = YES_ERROR;
				CLANG_WARN_DOCUMENTATION_COMMENTS = YES;
				CLANG_WARN_EMPTY_BODY = YES;
				CLANG_WARN_ENUM_CONVERSION = YES;
				CLANG_WARN_INFINITE_RECURSION = YES;
				CLANG_WARN_INT_CONVERSION = YES;
				CLANG_WARN_NON_LITERAL_NULL_CONVERSION = YES;
				CLANG_WARN_OBJC_IMPLICIT_RETAIN_SELF = YES;
				CLANG_WARN_OBJC_LITERAL_CONVERSION = YES;
				CLANG_WARN_OBJC_ROOT_CLASS = YES_ERROR;
				CLANG_WARN_RANGE_LOOP_ANALYSIS = YES;
				CLANG_WARN_STRICT_PROTOTYPES = YES;
				CLANG_WARN_SUSPICIOUS_MOVE = YES;
				CLANG_WARN_UNGUARDED_AVAILABILITY = YES_AGGRESSIVE;
				CLANG_WARN_UNREACHABLE_CODE = YES;
				CLANG_WARN__DUPLICATE_METHOD_MATCH = YES;
				CODE_SIGN_IDENTITY = "-";
				CODE_SIGN_STYLE = Automatic;
				COPY_PHASE_STRIP = NO;
				DEBUG_INFORMATION_FORMAT = dwarf;
				DEVELOPMENT_TEAM = FTM6PZFM4M;
				ENABLE_HARDENED_RUNTIME = YES;
				ENABLE_STRICT_OBJC_MSGSEND = YES;
				ENABLE_TESTABILITY = YES;
				GCC_C_LANGUAGE_STANDARD = gnu11;
				GCC_DYNAMIC_NO_PIC = NO;
				GCC_NO_COMMON_BLOCKS = YES;
				GCC_OPTIMIZATION_LEVEL = 0;
				GCC_PREPROCESSOR_DEFINITIONS = (
					"DEBUG=1",
					"$(inherited)",
				);
				GCC_WARN_64_TO_32_BIT_CONVERSION = YES;
				GCC_WARN_ABOUT_RETURN_TYPE = YES_ERROR;
				GCC_WARN_UNDECLARED_SELECTOR = YES;
				GCC_WARN_UNINITIALIZED_AUTOS = YES_AGGRESSIVE;
				GCC_WARN_UNUSED_FUNCTION = YES;
				GCC_WARN_UNUSED_VARIABLE = YES;
				HEADER_SEARCH_PATHS = "third_party/googletest/googletest/**";
				MACOSX_DEPLOYMENT_TARGET = 10.7;
				MTL_ENABLE_DEBUG_INFO = INCLUDE_SOURCE;
				MTL_FAST_MATH = YES;
				ONLY_ACTIVE_ARCH = YES;
				PRODUCT_NAME = "$(TARGET_NAME)";
				SDKROOT = macosx;
			};
			name = Development;
		};
		ED07FC6724AAEDE9006D36D1 /* Deployment */ = {
			isa = XCBuildConfiguration;
			buildSettings = {
				ALWAYS_SEARCH_USER_PATHS = NO;
				CLANG_ANALYZER_NONNULL = YES;
				CLANG_ANALYZER_NUMBER_OBJECT_CONVERSION = YES_AGGRESSIVE;
				CLANG_CXX_LANGUAGE_STANDARD = "gnu++14";
				CLANG_CXX_LIBRARY = "libc++";
				CLANG_ENABLE_MODULES = YES;
				CLANG_ENABLE_OBJC_ARC = YES;
				CLANG_ENABLE_OBJC_WEAK = YES;
				CLANG_WARN_BLOCK_CAPTURE_AUTORELEASING = YES;
				CLANG_WARN_BOOL_CONVERSION = YES;
				CLANG_WARN_COMMA = YES;
				CLANG_WARN_CONSTANT_CONVERSION = YES;
				CLANG_WARN_DEPRECATED_OBJC_IMPLEMENTATIONS = YES;
				CLANG_WARN_DIRECT_OBJC_ISA_USAGE = YES_ERROR;
				CLANG_WARN_DOCUMENTATION_COMMENTS = YES;
				CLANG_WARN_EMPTY_BODY = YES;
				CLANG_WARN_ENUM_CONVERSION = YES;
				CLANG_WARN_INFINITE_RECURSION = YES;
				CLANG_WARN_INT_CONVERSION = YES;
				CLANG_WARN_NON_LITERAL_NULL_CONVERSION = YES;
				CLANG_WARN_OBJC_IMPLICIT_RETAIN_SELF = YES;
				CLANG_WARN_OBJC_LITERAL_CONVERSION = YES;
				CLANG_WARN_OBJC_ROOT_CLASS = YES_ERROR;
				CLANG_WARN_RANGE_LOOP_ANALYSIS = YES;
				CLANG_WARN_STRICT_PROTOTYPES = YES;
				CLANG_WARN_SUSPICIOUS_MOVE = YES;
				CLANG_WARN_UNGUARDED_AVAILABILITY = YES_AGGRESSIVE;
				CLANG_WARN_UNREACHABLE_CODE = YES;
				CLANG_WARN__DUPLICATE_METHOD_MATCH = YES;
				CODE_SIGN_IDENTITY = "-";
				CODE_SIGN_STYLE = Automatic;
				COPY_PHASE_STRIP = NO;
				DEBUG_INFORMATION_FORMAT = "dwarf-with-dsym";
				DEVELOPMENT_TEAM = FTM6PZFM4M;
				ENABLE_HARDENED_RUNTIME = YES;
				ENABLE_NS_ASSERTIONS = NO;
				ENABLE_STRICT_OBJC_MSGSEND = YES;
				GCC_C_LANGUAGE_STANDARD = gnu11;
				GCC_NO_COMMON_BLOCKS = YES;
				GCC_WARN_64_TO_32_BIT_CONVERSION = YES;
				GCC_WARN_ABOUT_RETURN_TYPE = YES_ERROR;
				GCC_WARN_UNDECLARED_SELECTOR = YES;
				GCC_WARN_UNINITIALIZED_AUTOS = YES_AGGRESSIVE;
				GCC_WARN_UNUSED_FUNCTION = YES;
				GCC_WARN_UNUSED_VARIABLE = YES;
				HEADER_SEARCH_PATHS = "third_party/googletest/googletest/**";
				MACOSX_DEPLOYMENT_TARGET = 10.7;
				MTL_ENABLE_DEBUG_INFO = NO;
				MTL_FAST_MATH = YES;
				PRODUCT_NAME = "$(TARGET_NAME)";
				SDKROOT = macosx;
			};
			name = Deployment;
		};
/* End XCBuildConfiguration section */

/* Begin XCConfigurationList section */
		2FBBEACF08F335010078DB84 /* Build configuration list for PBXProject "h9" */ = {
			isa = XCConfigurationList;
			buildConfigurations = (
				2FBBEAD008F335010078DB84 /* Development */,
				2FBBEAD108F335010078DB84 /* Deployment */,
			);
			defaultConfigurationIsVisible = 0;
			defaultConfigurationName = Development;
		};
		ED07FC6524AAEDE9006D36D1 /* Build configuration list for PBXNativeTarget "h9_gtest" */ = {
			isa = XCConfigurationList;
			buildConfigurations = (
				ED07FC6624AAEDE9006D36D1 /* Development */,
				ED07FC6724AAEDE9006D36D1 /* Deployment */,
			);
			defaultConfigurationIsVisible = 0;
			defaultConfigurationName = Development;
		};
/* End XCConfigurationList section */
	};
	rootObject = 089C1669FE841209C02AAC07 /* Project object */;
}
